// !$*UTF8*$!
{
	archiveVersion = 1;
	classes = {
	};
	objectVersion = 56;
	objects = {

/* Begin PBXBuildFile section */
		2B00000000000000000A0001 /* ReadAloudTTSApp.swift in Sources */ = {isa = PBXBuildFile; fileRef = 2A00000000000000000A0001 /* ReadAloudTTSApp.swift */; };
		2B00000000000000000A0002 /* AppScene.swift in Sources */ = {isa = PBXBuildFile; fileRef = 2A00000000000000000A0002 /* AppScene.swift */; };
		2B00000000000000000A0003 /* Colors.swift in Sources */ = {isa = PBXBuildFile; fileRef = 2A00000000000000000A0003 /* Colors.swift */; };
		2B00000000000000000A0A00 /* VisualEffectBackground.swift in Sources */ = {isa = PBXBuildFile; fileRef = 2A00000000000000000A0A00 /* VisualEffectBackground.swift */; };
		2B00000000000000000A0004 /* Typography.swift in Sources */ = {isa = PBXBuildFile; fileRef = 2A00000000000000000A0004 /* Typography.swift */; };
		2B00000000000000000A0005 /* DropTargetView.swift in Sources */ = {isa = PBXBuildFile; fileRef = 2A00000000000000000A0005 /* DropTargetView.swift */; };
		2B00000000000000000A0006 /* DroppedDocument.swift in Sources */ = {isa = PBXBuildFile; fileRef = 2A00000000000000000A0006 /* DroppedDocument.swift */; };
		2B00000000000000000A0007 /* RootView.swift in Sources */ = {isa = PBXBuildFile; fileRef = 2A00000000000000000A0007 /* RootView.swift */; };
		2B00000000000000000A0011 /* PDFViewerView.swift in Sources */ = {isa = PBXBuildFile; fileRef = 2A00000000000000000A0011 /* PDFViewerView.swift */; };
		2B00000000000000000A0012 /* PDFDocumentLoader.swift in Sources */ = {isa = PBXBuildFile; fileRef = 2A00000000000000000A0012 /* PDFDocumentLoader.swift */; };
		2B00000000000000000A0021 /* MarkdownReaderView.swift in Sources */ = {isa = PBXBuildFile; fileRef = 2A00000000000000000A0021 /* MarkdownReaderView.swift */; };
		2B00000000000000000A0022 /* MarkdownDocumentStore.swift in Sources */ = {isa = PBXBuildFile; fileRef = 2A00000000000000000A0022 /* MarkdownDocumentStore.swift */; };
		2B00000000000000000A0023 /* ResizableFigureAttachment.swift in Sources */ = {isa = PBXBuildFile; fileRef = 2A00000000000000000A0023 /* ResizableFigureAttachment.swift */; };
		2B00000000000000000A0031 /* DocumentBlock.swift in Sources */ = {isa = PBXBuildFile; fileRef = 2A00000000000000000A0031 /* DocumentBlock.swift */; };
		2B00000000000000000A0032 /* PDFTextExtractor.swift in Sources */ = {isa = PBXBuildFile; fileRef = 2A00000000000000000A0032 /* PDFTextExtractor.swift */; };
		2B00000000000000000A0033 /* Sentence.swift in Sources */ = {isa = PBXBuildFile; fileRef = 2A00000000000000000A0033 /* Sentence.swift */; };
		2B00000000000000000A0034 /* SentenceSegmenter.swift in Sources */ = {isa = PBXBuildFile; fileRef = 2A00000000000000000A0034 /* SentenceSegmenter.swift */; };
		2B00000000000000000A0099 /* LineReflow.swift in Sources */ = {isa = PBXBuildFile; fileRef = 2A00000000000000000A0099 /* LineReflow.swift */; };
		2B00000000000000000A0035 /* ResearchCleanup.swift in Sources */ = {isa = PBXBuildFile; fileRef = 2A00000000000000000A0035 /* ResearchCleanup.swift */; };
		2B00000000000000000A0041 /* SpeechPlayer.swift in Sources */ = {isa = PBXBuildFile; fileRef = 2A00000000000000000A0041 /* SpeechPlayer.swift */; };
		2B00000000000000000A0042 /* PlaybackTransportView.swift in Sources */ = {isa = PBXBuildFile; fileRef = 2A00000000000000000A0042 /* PlaybackTransportView.swift */; };
		2B00000000000000000A0043 /* KokoroEngine.swift in Sources */ = {isa = PBXBuildFile; fileRef = 2A00000000000000000A0043 /* KokoroEngine.swift */; };
		2B00000000000000000A0044 /* PCMAudioPlayer.swift in Sources */ = {isa = PBXBuildFile; fileRef = 2A00000000000000000A0044 /* PCMAudioPlayer.swift */; };
		2B00000000000000000A0045 /* QwenEngine.swift in Sources */ = {isa = PBXBuildFile; fileRef = 2A00000000000000000A0045 /* QwenEngine.swift */; };
		2B00000000000000000A0046 /* WhisperAligner.swift in Sources */ = {isa = PBXBuildFile; fileRef = 2A00000000000000000A0046 /* WhisperAligner.swift */; };
		2B00000000000000000A0047 /* KokoroChunker.swift in Sources */ = {isa = PBXBuildFile; fileRef = 2A00000000000000000A0047 /* KokoroChunker.swift */; };
		2B00000000000000000A0081 /* MenuBarCommand.swift in Sources */ = {isa = PBXBuildFile; fileRef = 2A00000000000000000A0081 /* MenuBarCommand.swift */; };
		2B00000000000000000A0082 /* ServicesProvider.swift in Sources */ = {isa = PBXBuildFile; fileRef = 2A00000000000000000A0082 /* ServicesProvider.swift */; };
		2B00000000000000000A0084 /* AppDelegateShim.swift in Sources */ = {isa = PBXBuildFile; fileRef = 2A00000000000000000A0084 /* AppDelegateShim.swift */; };
		2B00000000000000000A0086 /* SelectionReader.swift in Sources */ = {isa = PBXBuildFile; fileRef = 2A00000000000000000A0086 /* SelectionReader.swift */; };
		2B00000000000000000A0087 /* ReadHUD.swift in Sources */ = {isa = PBXBuildFile; fileRef = 2A00000000000000000A0087 /* ReadHUD.swift */; };
		2B00000000000000000A0048 /* NowPlayingController.swift in Sources */ = {isa = PBXBuildFile; fileRef = 2A00000000000000000A0048 /* NowPlayingController.swift */; };
		2B00000000000000000A0049 /* SleepTimer.swift in Sources */ = {isa = PBXBuildFile; fileRef = 2A00000000000000000A0049 /* SleepTimer.swift */; };
		2B00000000000000000A004A /* ReadingQueue.swift in Sources */ = {isa = PBXBuildFile; fileRef = 2A00000000000000000A004A /* ReadingQueue.swift */; };
		2B00000000000000000A00E5 /* HighlightStyle.swift in Sources */ = {isa = PBXBuildFile; fileRef = 2A00000000000000000A00E5 /* HighlightStyle.swift */; };
		2B00000000000000000A0091 /* PronunciationDictionary.swift in Sources */ = {isa = PBXBuildFile; fileRef = 2A00000000000000000A0091 /* PronunciationDictionary.swift */; };
		2B00000000000000000A0092 /* PronunciationSettingsView.swift in Sources */ = {isa = PBXBuildFile; fileRef = 2A00000000000000000A0092 /* PronunciationSettingsView.swift */; };
		2B00000000000000000A00A1 /* ReadingStats.swift in Sources */ = {isa = PBXBuildFile; fileRef = 2A00000000000000000A00A1 /* ReadingStats.swift */; };
		2B00000000000000000A00A2 /* AnalyticsSettingsView.swift in Sources */ = {isa = PBXBuildFile; fileRef = 2A00000000000000000A00A2 /* AnalyticsSettingsView.swift */; };
		2B00000000000000000A00B1 /* AudioExporter.swift in Sources */ = {isa = PBXBuildFile; fileRef = 2A00000000000000000A00B1 /* AudioExporter.swift */; };
		2B00000000000000000A00B2 /* ExportCoordinator.swift in Sources */ = {isa = PBXBuildFile; fileRef = 2A00000000000000000A00B2 /* ExportCoordinator.swift */; };
		2B00000000000000000A0051 /* LibraryEntry.swift in Sources */ = {isa = PBXBuildFile; fileRef = 2A00000000000000000A0051 /* LibraryEntry.swift */; };
		2B00000000000000000A0052 /* Library.swift in Sources */ = {isa = PBXBuildFile; fileRef = 2A00000000000000000A0052 /* Library.swift */; };
		2B00000000000000000A0053 /* LibrarySidebarView.swift in Sources */ = {isa = PBXBuildFile; fileRef = 2A00000000000000000A0053 /* LibrarySidebarView.swift */; };
		2B00000000000000000A0061 /* SpeechSettings.swift in Sources */ = {isa = PBXBuildFile; fileRef = 2A00000000000000000A0061 /* SpeechSettings.swift */; };
		2B00000000000000000A0066 /* ReaderSettings.swift in Sources */ = {isa = PBXBuildFile; fileRef = 2A00000000000000000A0066 /* ReaderSettings.swift */; };
		2B00000000000000000A00E4 /* FontSizeControl.swift in Sources */ = {isa = PBXBuildFile; fileRef = 2A00000000000000000A00E4 /* FontSizeControl.swift */; };
		2B00000000000000000A0062 /* SettingsView.swift in Sources */ = {isa = PBXBuildFile; fileRef = 2A00000000000000000A0062 /* SettingsView.swift */; };
		2B00000000000000000A0065 /* ShortcutsSettingsView.swift in Sources */ = {isa = PBXBuildFile; fileRef = 2A00000000000000000A0065 /* ShortcutsSettingsView.swift */; };
		2B00000000000000000A0067 /* ReadingSettingsView.swift in Sources */ = {isa = PBXBuildFile; fileRef = 2A00000000000000000A0067 /* ReadingSettingsView.swift */; };
		2B00000000000000000A0068 /* PlaybackControlsSettingsView.swift in Sources */ = {isa = PBXBuildFile; fileRef = 2A00000000000000000A0068 /* PlaybackControlsSettingsView.swift */; };
		2B00000000000000000A0069 /* LearningSettingsView.swift in Sources */ = {isa = PBXBuildFile; fileRef = 2A00000000000000000A0069 /* LearningSettingsView.swift */; };
		2B00000000000000000A0063 /* ModelsSettingsView.swift in Sources */ = {isa = PBXBuildFile; fileRef = 2A00000000000000000A0063 /* ModelsSettingsView.swift */; };
		2B00000000000000000A0071 /* ModelEntry.swift in Sources */ = {isa = PBXBuildFile; fileRef = 2A00000000000000000A0071 /* ModelEntry.swift */; };
		2B00000000000000000A0072 /* ModelCatalog.swift in Sources */ = {isa = PBXBuildFile; fileRef = 2A00000000000000000A0072 /* ModelCatalog.swift */; };
		2B00000000000000000A0073 /* ModelStorage.swift in Sources */ = {isa = PBXBuildFile; fileRef = 2A00000000000000000A0073 /* ModelStorage.swift */; };
		2B00000000000000000A0074 /* ModelDownloader.swift in Sources */ = {isa = PBXBuildFile; fileRef = 2A00000000000000000A0074 /* ModelDownloader.swift */; };
		2B00000000000000000A0075 /* ModelManager.swift in Sources */ = {isa = PBXBuildFile; fileRef = 2A00000000000000000A0075 /* ModelManager.swift */; };
		2B00000000000000000F0001 /* KokoroSwift in Frameworks */ = {isa = PBXBuildFile; productRef = 7B00000000000000000A0001 /* KokoroSwift */; };
		2B00000000000000000F0002 /* MLX in Frameworks */ = {isa = PBXBuildFile; productRef = 7B00000000000000000A0002 /* MLX */; };
		2B00000000000000000F0003 /* MLXUtilsLibrary in Frameworks */ = {isa = PBXBuildFile; productRef = 7B00000000000000000A0003 /* MLXUtilsLibrary */; };
		2B00000000000000000F0004 /* ZIPFoundation in Frameworks */ = {isa = PBXBuildFile; productRef = 7B00000000000000000A0004 /* ZIPFoundation */; };
		2B00000000000000000F0005 /* WhisperKit in Frameworks */ = {isa = PBXBuildFile; productRef = 7B00000000000000000A0005 /* WhisperKit */; };
		2B00000000000000000F0006 /* TTSKit in Frameworks */ = {isa = PBXBuildFile; productRef = 7B00000000000000000A0006 /* TTSKit */; };
		2B00000000000000000F0007 /* KeyboardShortcuts in Frameworks */ = {isa = PBXBuildFile; productRef = 7B00000000000000000A0007 /* KeyboardShortcuts */; };
		2B00000000000000000A00C1 /* EPUBLoader.swift in Sources */ = {isa = PBXBuildFile; fileRef = 2A00000000000000000A00C1 /* EPUBLoader.swift */; };
		2B00000000000000000A00C2 /* EPUBReaderView.swift in Sources */ = {isa = PBXBuildFile; fileRef = 2A00000000000000000A00C2 /* EPUBReaderView.swift */; };
		2B00000000000000000B0001 /* DropTargetTests.swift in Sources */ = {isa = PBXBuildFile; fileRef = 2A00000000000000000B0001 /* DropTargetTests.swift */; };
		2B00000000000000000B0002 /* PDFDocumentLoaderTests.swift in Sources */ = {isa = PBXBuildFile; fileRef = 2A00000000000000000B0002 /* PDFDocumentLoaderTests.swift */; };
		2B00000000000000000B0003 /* PDFTextExtractorTests.swift in Sources */ = {isa = PBXBuildFile; fileRef = 2A00000000000000000B0003 /* PDFTextExtractorTests.swift */; };
		2B00000000000000000B0004 /* SentenceSegmenterTests.swift in Sources */ = {isa = PBXBuildFile; fileRef = 2A00000000000000000B0004 /* SentenceSegmenterTests.swift */; };
		2B00000000000000000B0025 /* LineReflowTests.swift in Sources */ = {isa = PBXBuildFile; fileRef = 2A00000000000000000B0025 /* LineReflowTests.swift */; };
		2B00000000000000000B0005 /* MarkdownRendererTests.swift in Sources */ = {isa = PBXBuildFile; fileRef = 2A00000000000000000B0005 /* MarkdownRendererTests.swift */; };
		2B00000000000000000B0006 /* ModelStorageTests.swift in Sources */ = {isa = PBXBuildFile; fileRef = 2A00000000000000000B0006 /* ModelStorageTests.swift */; };
		2B00000000000000000B0007 /* ModelCatalogReachabilityTests.swift in Sources */ = {isa = PBXBuildFile; fileRef = 2A00000000000000000B0007 /* ModelCatalogReachabilityTests.swift */; };
		2B00000000000000000B0008 /* LibraryTests.swift in Sources */ = {isa = PBXBuildFile; fileRef = 2A00000000000000000B0008 /* LibraryTests.swift */; };
		2B00000000000000000B0009 /* PronunciationDictionaryTests.swift in Sources */ = {isa = PBXBuildFile; fileRef = 2A00000000000000000B0009 /* PronunciationDictionaryTests.swift */; };
		2B00000000000000000B000A /* ResearchCleanupTests.swift in Sources */ = {isa = PBXBuildFile; fileRef = 2A00000000000000000B000A /* ResearchCleanupTests.swift */; };
		2B00000000000000000B000B /* ReadingStatsTests.swift in Sources */ = {isa = PBXBuildFile; fileRef = 2A00000000000000000B000B /* ReadingStatsTests.swift */; };
		2B00000000000000000B000C /* SpeechPlayerProgressTests.swift in Sources */ = {isa = PBXBuildFile; fileRef = 2A00000000000000000B000C /* SpeechPlayerProgressTests.swift */; };
		2B00000000000000000B000D /* LibrarySidebarFormatterTests.swift in Sources */ = {isa = PBXBuildFile; fileRef = 2A00000000000000000B000D /* LibrarySidebarFormatterTests.swift */; };
		2B00000000000000000A00E1 /* ReaderHitTester.swift in Sources */ = {isa = PBXBuildFile; fileRef = 2A00000000000000000A00E1 /* ReaderHitTester.swift */; };
		2B00000000000000000A00E2 /* ClickableReaderTextView.swift in Sources */ = {isa = PBXBuildFile; fileRef = 2A00000000000000000A00E2 /* ClickableReaderTextView.swift */; };
		2B00000000000000000A00E3 /* SearchBar.swift in Sources */ = {isa = PBXBuildFile; fileRef = 2A00000000000000000A00E3 /* SearchBar.swift */; };
		2B00000000000000000B000E /* ReaderHitTesterTests.swift in Sources */ = {isa = PBXBuildFile; fileRef = 2A00000000000000000B000E /* ReaderHitTesterTests.swift */; };
		2B00000000000000000A0036 /* SkipRule.swift in Sources */ = {isa = PBXBuildFile; fileRef = 2A00000000000000000A0036 /* SkipRule.swift */; };
		2B00000000000000000A0064 /* SkipRulesSettingsView.swift in Sources */ = {isa = PBXBuildFile; fileRef = 2A00000000000000000A0064 /* SkipRulesSettingsView.swift */; };
		2B00000000000000000B000F /* SkipRuleTests.swift in Sources */ = {isa = PBXBuildFile; fileRef = 2A00000000000000000B000F /* SkipRuleTests.swift */; };
		2B00000000000000000B0010 /* KokoroChunkerTests.swift in Sources */ = {isa = PBXBuildFile; fileRef = 2A00000000000000000B0010 /* KokoroChunkerTests.swift */; };
		2B00000000000000000B0011 /* SelectionReaderTests.swift in Sources */ = {isa = PBXBuildFile; fileRef = 2A00000000000000000B0011 /* SelectionReaderTests.swift */; };
		2B00000000000000000B0012 /* HighlightStyleTests.swift in Sources */ = {isa = PBXBuildFile; fileRef = 2A00000000000000000B0012 /* HighlightStyleTests.swift */; };
		2B00000000000000000B0014 /* NowPlayingMappingTests.swift in Sources */ = {isa = PBXBuildFile; fileRef = 2A00000000000000000B0014 /* NowPlayingMappingTests.swift */; };
		2B00000000000000000B0015 /* SleepTimerTests.swift in Sources */ = {isa = PBXBuildFile; fileRef = 2A00000000000000000B0015 /* SleepTimerTests.swift */; };
		2B00000000000000000A00E7 /* ReaderTypography.swift in Sources */ = {isa = PBXBuildFile; fileRef = 2A00000000000000000A00E7 /* ReaderTypography.swift */; };
		2B00000000000000000A00E9 /* BionicReading.swift in Sources */ = {isa = PBXBuildFile; fileRef = 2A00000000000000000A00E9 /* BionicReading.swift */; };
		2B00000000000000000A00EA /* ReadingTheme.swift in Sources */ = {isa = PBXBuildFile; fileRef = 2A00000000000000000A00EA /* ReadingTheme.swift */; };
		2B00000000000000000A00EB /* LineFocusOverlay.swift in Sources */ = {isa = PBXBuildFile; fileRef = 2A00000000000000000A00EB /* LineFocusOverlay.swift */; };
		2B00000000000000000B0013 /* ReaderTypographyTests.swift in Sources */ = {isa = PBXBuildFile; fileRef = 2A00000000000000000B0013 /* ReaderTypographyTests.swift */; };
		2B00000000000000000B001C /* BionicReadingTests.swift in Sources */ = {isa = PBXBuildFile; fileRef = 2A00000000000000000B001C /* BionicReadingTests.swift */; };
		2B00000000000000000B0016 /* ReadingQueueTests.swift in Sources */ = {isa = PBXBuildFile; fileRef = 2A00000000000000000B0016 /* ReadingQueueTests.swift */; };
		2B00000000000000000B0017 /* SentenceLanguageTests.swift in Sources */ = {isa = PBXBuildFile; fileRef = 2A00000000000000000B0017 /* SentenceLanguageTests.swift */; };
		2B00000000000000000A0951 /* ReadingOrder.swift in Sources */ = {isa = PBXBuildFile; fileRef = 2A00000000000000000A0951 /* ReadingOrder.swift */; };
		2B00000000000000000A0952 /* OCRService.swift in Sources */ = {isa = PBXBuildFile; fileRef = 2A00000000000000000A0952 /* OCRService.swift */; };
		2B00000000000000000A0953 /* ImageOCRReaderView.swift in Sources */ = {isa = PBXBuildFile; fileRef = 2A00000000000000000A0953 /* ImageOCRReaderView.swift */; };
		2B00000000000000000A0D09 /* AnkiCSVExporter.swift in Sources */ = {isa = PBXBuildFile; fileRef = 2A00000000000000000A0D09 /* AnkiCSVExporter.swift */; };
		2B00000000000000000A0D08 /* VocabularyStore.swift in Sources */ = {isa = PBXBuildFile; fileRef = 2A00000000000000000A0D08 /* VocabularyStore.swift */; };
		2B00000000000000000A0D0A /* LearningSettings.swift in Sources */ = {isa = PBXBuildFile; fileRef = 2A00000000000000000A0D0A /* LearningSettings.swift */; };
		2B00000000000000000A0D07 /* WordRangeResolver.swift in Sources */ = {isa = PBXBuildFile; fileRef = 2A00000000000000000A0D07 /* WordRangeResolver.swift */; };
		2B00000000000000000A0D0D /* TranslationPopoverController.swift in Sources */ = {isa = PBXBuildFile; fileRef = 2A00000000000000000A0D0D /* TranslationPopoverController.swift */; };
		2B00000000000000000A0D0C /* TranslationPopoverView.swift in Sources */ = {isa = PBXBuildFile; fileRef = 2A00000000000000000A0D0C /* TranslationPopoverView.swift */; };
		2B00000000000000000A0D0B /* WordPronouncer.swift in Sources */ = {isa = PBXBuildFile; fileRef = 2A00000000000000000A0D0B /* WordPronouncer.swift */; };
		2B00000000000000000B001B /* ReadingOrderTests.swift in Sources */ = {isa = PBXBuildFile; fileRef = 2A00000000000000000B001B /* ReadingOrderTests.swift */; };
		2B00000000000000000B0023 /* OCRServiceTests.swift in Sources */ = {isa = PBXBuildFile; fileRef = 2A00000000000000000B0023 /* OCRServiceTests.swift */; };
		2B00000000000000000B0018 /* AnkiCSVExporterTests.swift in Sources */ = {isa = PBXBuildFile; fileRef = 2A00000000000000000B0018 /* AnkiCSVExporterTests.swift */; };
		2B00000000000000000B001A /* VocabularyStoreTests.swift in Sources */ = {isa = PBXBuildFile; fileRef = 2A00000000000000000B001A /* VocabularyStoreTests.swift */; };
		2B00000000000000000B0022 /* ReaderSettingsTests.swift in Sources */ = {isa = PBXBuildFile; fileRef = 2A00000000000000000B0022 /* ReaderSettingsTests.swift */; };
		2B00000000000000000B0021 /* ReadingThemeTests.swift in Sources */ = {isa = PBXBuildFile; fileRef = 2A00000000000000000B0021 /* ReadingThemeTests.swift */; };
		2B00000000000000000B0020 /* LearningSettingsTests.swift in Sources */ = {isa = PBXBuildFile; fileRef = 2A00000000000000000B0020 /* LearningSettingsTests.swift */; };
		2B00000000000000000B0019 /* WordRangeResolverTests.swift in Sources */ = {isa = PBXBuildFile; fileRef = 2A00000000000000000B0019 /* WordRangeResolverTests.swift */; };
		2B00000000000000000A0E01 /* OpenDyslexic-Regular.otf in Resources */ = {isa = PBXBuildFile; fileRef = 2A00000000000000000A0E01 /* OpenDyslexic-Regular.otf */; };
		2B00000000000000000A0E05 /* OpenDyslexic-Bold.otf in Resources */ = {isa = PBXBuildFile; fileRef = 2A00000000000000000A0E05 /* OpenDyslexic-Bold.otf */; };
		2B00000000000000000A0E02 /* AtkinsonHyperlegible-Regular.otf in Resources */ = {isa = PBXBuildFile; fileRef = 2A00000000000000000A0E02 /* AtkinsonHyperlegible-Regular.otf */; };
		2B00000000000000000A0E06 /* AtkinsonHyperlegible-Bold.otf in Resources */ = {isa = PBXBuildFile; fileRef = 2A00000000000000000A0E06 /* AtkinsonHyperlegible-Bold.otf */; };
		2B00000000000000000A0E03 /* OpenDyslexic-OFL.txt in Resources */ = {isa = PBXBuildFile; fileRef = 2A00000000000000000A0E03 /* OpenDyslexic-OFL.txt */; };
		2B00000000000000000A0E04 /* AtkinsonHyperlegible-OFL.txt in Resources */ = {isa = PBXBuildFile; fileRef = 2A00000000000000000A0E04 /* AtkinsonHyperlegible-OFL.txt */; };
		2B00000000000000000A00B3 /* AudioExportFormat.swift in Sources */ = {isa = PBXBuildFile; fileRef = 2A00000000000000000A00B3 /* AudioExportFormat.swift */; };
		2B00000000000000000A00B4 /* ExportQueueView.swift in Sources */ = {isa = PBXBuildFile; fileRef = 2A00000000000000000A00B4 /* ExportQueueView.swift */; };
		2B00000000000000000A00B5 /* ExportOverrides.swift in Sources */ = {isa = PBXBuildFile; fileRef = 2A00000000000000000A00B5 /* ExportOverrides.swift */; };
		2B00000000000000000A00B6 /* ExportEstimator.swift in Sources */ = {isa = PBXBuildFile; fileRef = 2A00000000000000000A00B6 /* ExportEstimator.swift */; };
		2B00000000000000000A00B7 /* ExportSentenceLoader.swift in Sources */ = {isa = PBXBuildFile; fileRef = 2A00000000000000000A00B7 /* ExportSentenceLoader.swift */; };
		2B00000000000000000A00B8 /* ExportOptionsSheet.swift in Sources */ = {isa = PBXBuildFile; fileRef = 2A00000000000000000A00B8 /* ExportOptionsSheet.swift */; };
		2B00000000000000000A00F1 /* Assets.xcassets in Resources */ = {isa = PBXBuildFile; fileRef = 2A00000000000000000A00F1 /* Assets.xcassets */; };
		2B00000000000000000A00F2 /* ScratchpadView.swift in Sources */ = {isa = PBXBuildFile; fileRef = 2A00000000000000000A00F2 /* ScratchpadView.swift */; };
		2B00000000000000000A00F3 /* AppIcon.icns in Resources */ = {isa = PBXBuildFile; fileRef = 2A00000000000000000A00F3 /* AppIcon.icns */; };
		2B00000000000000000A0D00 /* OnboardingState.swift in Sources */ = {isa = PBXBuildFile; fileRef = 2A00000000000000000A0D00 /* OnboardingState.swift */; };
		2B00000000000000000A0D01 /* OnboardingView.swift in Sources */ = {isa = PBXBuildFile; fileRef = 2A00000000000000000A0D01 /* OnboardingView.swift */; };
		2B00000000000000000A0D02 /* OnboardingSampleLoader.swift in Sources */ = {isa = PBXBuildFile; fileRef = 2A00000000000000000A0D02 /* OnboardingSampleLoader.swift */; };
		2B00000000000000000A0D03 /* WelcomeSample.md in Resources */ = {isa = PBXBuildFile; fileRef = 2A00000000000000000A0D03 /* WelcomeSample.md */; };
		2B00000000000000000A0D04 /* mermaid.min.js in Resources */ = {isa = PBXBuildFile; fileRef = 2A00000000000000000A0D04 /* mermaid.min.js */; };
		2B00000000000000000A00D1 /* DOCXLoader.swift in Sources */ = {isa = PBXBuildFile; fileRef = 2A00000000000000000A00D1 /* DOCXLoader.swift */; };
		2B00000000000000000A00D2 /* DOCXReaderView.swift in Sources */ = {isa = PBXBuildFile; fileRef = 2A00000000000000000A00D2 /* DOCXReaderView.swift */; };
		2B00000000000000000A00D3 /* TextReaderView.swift in Sources */ = {isa = PBXBuildFile; fileRef = 2A00000000000000000A00D3 /* TextReaderView.swift */; };
/* End PBXBuildFile section */

/* Begin PBXContainerItemProxy section */
		6B00000000000000000A0001 /* PBXContainerItemProxy */ = {
			isa = PBXContainerItemProxy;
			containerPortal = 1A00000000000000000A0001 /* Project object */;
			proxyType = 1;
			remoteGlobalIDString = 4A00000000000000000A0001;
			remoteInfo = ReadAloudTTS;
		};
/* End PBXContainerItemProxy section */

/* Begin PBXFileReference section */
		2A00000000000000000A0001 /* ReadAloudTTSApp.swift */ = {isa = PBXFileReference; lastKnownFileType = sourcecode.swift; path = ReadAloudTTSApp.swift; sourceTree = "<group>"; };
		2A00000000000000000A0002 /* AppScene.swift */ = {isa = PBXFileReference; lastKnownFileType = sourcecode.swift; path = AppScene.swift; sourceTree = "<group>"; };
		2A00000000000000000A0003 /* Colors.swift */ = {isa = PBXFileReference; lastKnownFileType = sourcecode.swift; path = Colors.swift; sourceTree = "<group>"; };
		2A00000000000000000A0A00 /* VisualEffectBackground.swift */ = {isa = PBXFileReference; lastKnownFileType = sourcecode.swift; path = VisualEffectBackground.swift; sourceTree = "<group>"; };
		2A00000000000000000A0004 /* Typography.swift */ = {isa = PBXFileReference; lastKnownFileType = sourcecode.swift; path = Typography.swift; sourceTree = "<group>"; };
		2A00000000000000000A0005 /* DropTargetView.swift */ = {isa = PBXFileReference; lastKnownFileType = sourcecode.swift; path = DropTargetView.swift; sourceTree = "<group>"; };
		2A00000000000000000A0006 /* DroppedDocument.swift */ = {isa = PBXFileReference; lastKnownFileType = sourcecode.swift; path = DroppedDocument.swift; sourceTree = "<group>"; };
		2A00000000000000000A0007 /* RootView.swift */ = {isa = PBXFileReference; lastKnownFileType = sourcecode.swift; path = RootView.swift; sourceTree = "<group>"; };
		2A00000000000000000A0010 /* ReadAloudTTS.entitlements */ = {isa = PBXFileReference; lastKnownFileType = text.plist.entitlements; path = ReadAloudTTS.entitlements; sourceTree = "<group>"; };
		2A00000000000000000A0011 /* PDFViewerView.swift */ = {isa = PBXFileReference; lastKnownFileType = sourcecode.swift; path = PDFViewerView.swift; sourceTree = "<group>"; };
		2A00000000000000000A0012 /* PDFDocumentLoader.swift */ = {isa = PBXFileReference; lastKnownFileType = sourcecode.swift; path = PDFDocumentLoader.swift; sourceTree = "<group>"; };
		2A00000000000000000A0021 /* MarkdownReaderView.swift */ = {isa = PBXFileReference; lastKnownFileType = sourcecode.swift; path = MarkdownReaderView.swift; sourceTree = "<group>"; };
		2A00000000000000000A0022 /* MarkdownDocumentStore.swift */ = {isa = PBXFileReference; lastKnownFileType = sourcecode.swift; path = MarkdownDocumentStore.swift; sourceTree = "<group>"; };
		2A00000000000000000A0023 /* ResizableFigureAttachment.swift */ = {isa = PBXFileReference; lastKnownFileType = sourcecode.swift; path = ResizableFigureAttachment.swift; sourceTree = "<group>"; };
		2A00000000000000000A0031 /* DocumentBlock.swift */ = {isa = PBXFileReference; lastKnownFileType = sourcecode.swift; path = DocumentBlock.swift; sourceTree = "<group>"; };
		2A00000000000000000A0032 /* PDFTextExtractor.swift */ = {isa = PBXFileReference; lastKnownFileType = sourcecode.swift; path = PDFTextExtractor.swift; sourceTree = "<group>"; };
		2A00000000000000000A0033 /* Sentence.swift */ = {isa = PBXFileReference; lastKnownFileType = sourcecode.swift; path = Sentence.swift; sourceTree = "<group>"; };
		2A00000000000000000A0034 /* SentenceSegmenter.swift */ = {isa = PBXFileReference; lastKnownFileType = sourcecode.swift; path = SentenceSegmenter.swift; sourceTree = "<group>"; };
		2A00000000000000000A0099 /* LineReflow.swift */ = {isa = PBXFileReference; lastKnownFileType = sourcecode.swift; path = LineReflow.swift; sourceTree = "<group>"; };
		2A00000000000000000A0035 /* ResearchCleanup.swift */ = {isa = PBXFileReference; lastKnownFileType = sourcecode.swift; path = ResearchCleanup.swift; sourceTree = "<group>"; };
		2A00000000000000000A0041 /* SpeechPlayer.swift */ = {isa = PBXFileReference; lastKnownFileType = sourcecode.swift; path = SpeechPlayer.swift; sourceTree = "<group>"; };
		2A00000000000000000A0042 /* PlaybackTransportView.swift */ = {isa = PBXFileReference; lastKnownFileType = sourcecode.swift; path = PlaybackTransportView.swift; sourceTree = "<group>"; };
		2A00000000000000000A0043 /* KokoroEngine.swift */ = {isa = PBXFileReference; lastKnownFileType = sourcecode.swift; path = KokoroEngine.swift; sourceTree = "<group>"; };
		2A00000000000000000A0044 /* PCMAudioPlayer.swift */ = {isa = PBXFileReference; lastKnownFileType = sourcecode.swift; path = PCMAudioPlayer.swift; sourceTree = "<group>"; };
		2A00000000000000000A0045 /* QwenEngine.swift */ = {isa = PBXFileReference; lastKnownFileType = sourcecode.swift; path = QwenEngine.swift; sourceTree = "<group>"; };
		2A00000000000000000A0046 /* WhisperAligner.swift */ = {isa = PBXFileReference; lastKnownFileType = sourcecode.swift; path = WhisperAligner.swift; sourceTree = "<group>"; };
		2A00000000000000000A0047 /* KokoroChunker.swift */ = {isa = PBXFileReference; lastKnownFileType = sourcecode.swift; path = KokoroChunker.swift; sourceTree = "<group>"; };
		2A00000000000000000A0081 /* MenuBarCommand.swift */ = {isa = PBXFileReference; lastKnownFileType = sourcecode.swift; path = MenuBarCommand.swift; sourceTree = "<group>"; };
		2A00000000000000000A0082 /* ServicesProvider.swift */ = {isa = PBXFileReference; lastKnownFileType = sourcecode.swift; path = ServicesProvider.swift; sourceTree = "<group>"; };
		2A00000000000000000A0084 /* AppDelegateShim.swift */ = {isa = PBXFileReference; lastKnownFileType = sourcecode.swift; path = AppDelegateShim.swift; sourceTree = "<group>"; };
		2A00000000000000000A0086 /* SelectionReader.swift */ = {isa = PBXFileReference; lastKnownFileType = sourcecode.swift; path = SelectionReader.swift; sourceTree = "<group>"; };
		2A00000000000000000A0087 /* ReadHUD.swift */ = {isa = PBXFileReference; lastKnownFileType = sourcecode.swift; path = ReadHUD.swift; sourceTree = "<group>"; };
		2A00000000000000000A0048 /* NowPlayingController.swift */ = {isa = PBXFileReference; lastKnownFileType = sourcecode.swift; path = NowPlayingController.swift; sourceTree = "<group>"; };
		2A00000000000000000A0049 /* SleepTimer.swift */ = {isa = PBXFileReference; lastKnownFileType = sourcecode.swift; path = SleepTimer.swift; sourceTree = "<group>"; };
		2A00000000000000000A004A /* ReadingQueue.swift */ = {isa = PBXFileReference; lastKnownFileType = sourcecode.swift; path = ReadingQueue.swift; sourceTree = "<group>"; };
		2A00000000000000000A00E5 /* HighlightStyle.swift */ = {isa = PBXFileReference; lastKnownFileType = sourcecode.swift; path = HighlightStyle.swift; sourceTree = "<group>"; };
		2A00000000000000000A00E7 /* ReaderTypography.swift */ = {isa = PBXFileReference; lastKnownFileType = sourcecode.swift; path = ReaderTypography.swift; sourceTree = "<group>"; };
		2A00000000000000000A00E9 /* BionicReading.swift */ = {isa = PBXFileReference; lastKnownFileType = sourcecode.swift; path = BionicReading.swift; sourceTree = "<group>"; };
		2A00000000000000000A00EA /* ReadingTheme.swift */ = {isa = PBXFileReference; lastKnownFileType = sourcecode.swift; path = ReadingTheme.swift; sourceTree = "<group>"; };
		2A00000000000000000A00EB /* LineFocusOverlay.swift */ = {isa = PBXFileReference; lastKnownFileType = sourcecode.swift; path = LineFocusOverlay.swift; sourceTree = "<group>"; };
		2A00000000000000000B0013 /* ReaderTypographyTests.swift */ = {isa = PBXFileReference; lastKnownFileType = sourcecode.swift; path = ReaderTypographyTests.swift; sourceTree = "<group>"; };
		2A00000000000000000B001C /* BionicReadingTests.swift */ = {isa = PBXFileReference; lastKnownFileType = sourcecode.swift; path = BionicReadingTests.swift; sourceTree = "<group>"; };
		2A00000000000000000B0016 /* ReadingQueueTests.swift */ = {isa = PBXFileReference; lastKnownFileType = sourcecode.swift; path = ReadingQueueTests.swift; sourceTree = "<group>"; };
		2A00000000000000000B0017 /* SentenceLanguageTests.swift */ = {isa = PBXFileReference; lastKnownFileType = sourcecode.swift; path = SentenceLanguageTests.swift; sourceTree = "<group>"; };
		2A00000000000000000A0951 /* ReadingOrder.swift */ = {isa = PBXFileReference; lastKnownFileType = sourcecode.swift; path = ReadingOrder.swift; sourceTree = "<group>"; };
		2A00000000000000000A0952 /* OCRService.swift */ = {isa = PBXFileReference; lastKnownFileType = sourcecode.swift; path = OCRService.swift; sourceTree = "<group>"; };
		2A00000000000000000A0953 /* ImageOCRReaderView.swift */ = {isa = PBXFileReference; lastKnownFileType = sourcecode.swift; path = ImageOCRReaderView.swift; sourceTree = "<group>"; };
		2A00000000000000000A0D09 /* AnkiCSVExporter.swift */ = {isa = PBXFileReference; lastKnownFileType = sourcecode.swift; path = AnkiCSVExporter.swift; sourceTree = "<group>"; };
		2A00000000000000000A0D08 /* VocabularyStore.swift */ = {isa = PBXFileReference; lastKnownFileType = sourcecode.swift; path = VocabularyStore.swift; sourceTree = "<group>"; };
		2A00000000000000000A0D0A /* LearningSettings.swift */ = {isa = PBXFileReference; lastKnownFileType = sourcecode.swift; path = LearningSettings.swift; sourceTree = "<group>"; };
		2A00000000000000000A0D07 /* WordRangeResolver.swift */ = {isa = PBXFileReference; lastKnownFileType = sourcecode.swift; path = WordRangeResolver.swift; sourceTree = "<group>"; };
		2A00000000000000000A0D0D /* TranslationPopoverController.swift */ = {isa = PBXFileReference; lastKnownFileType = sourcecode.swift; path = TranslationPopoverController.swift; sourceTree = "<group>"; };
		2A00000000000000000A0D0C /* TranslationPopoverView.swift */ = {isa = PBXFileReference; lastKnownFileType = sourcecode.swift; path = TranslationPopoverView.swift; sourceTree = "<group>"; };
		2A00000000000000000A0D0B /* WordPronouncer.swift */ = {isa = PBXFileReference; lastKnownFileType = sourcecode.swift; path = WordPronouncer.swift; sourceTree = "<group>"; };
		2A00000000000000000B001B /* ReadingOrderTests.swift */ = {isa = PBXFileReference; lastKnownFileType = sourcecode.swift; path = ReadingOrderTests.swift; sourceTree = "<group>"; };
		2A00000000000000000B0023 /* OCRServiceTests.swift */ = {isa = PBXFileReference; lastKnownFileType = sourcecode.swift; path = OCRServiceTests.swift; sourceTree = "<group>"; };
		2A00000000000000000B0018 /* AnkiCSVExporterTests.swift */ = {isa = PBXFileReference; lastKnownFileType = sourcecode.swift; path = AnkiCSVExporterTests.swift; sourceTree = "<group>"; };
		2A00000000000000000B001A /* VocabularyStoreTests.swift */ = {isa = PBXFileReference; lastKnownFileType = sourcecode.swift; path = VocabularyStoreTests.swift; sourceTree = "<group>"; };
		2A00000000000000000B0022 /* ReaderSettingsTests.swift */ = {isa = PBXFileReference; lastKnownFileType = sourcecode.swift; path = ReaderSettingsTests.swift; sourceTree = "<group>"; };
		2A00000000000000000B0021 /* ReadingThemeTests.swift */ = {isa = PBXFileReference; lastKnownFileType = sourcecode.swift; path = ReadingThemeTests.swift; sourceTree = "<group>"; };
		2A00000000000000000B0020 /* LearningSettingsTests.swift */ = {isa = PBXFileReference; lastKnownFileType = sourcecode.swift; path = LearningSettingsTests.swift; sourceTree = "<group>"; };
		2A00000000000000000B0019 /* WordRangeResolverTests.swift */ = {isa = PBXFileReference; lastKnownFileType = sourcecode.swift; path = WordRangeResolverTests.swift; sourceTree = "<group>"; };
		2A00000000000000000A0E01 /* OpenDyslexic-Regular.otf */ = {isa = PBXFileReference; lastKnownFileType = file; path = "OpenDyslexic-Regular.otf"; sourceTree = "<group>"; };
		2A00000000000000000A0E05 /* OpenDyslexic-Bold.otf */ = {isa = PBXFileReference; lastKnownFileType = file; path = "OpenDyslexic-Bold.otf"; sourceTree = "<group>"; };
		2A00000000000000000A0E02 /* AtkinsonHyperlegible-Regular.otf */ = {isa = PBXFileReference; lastKnownFileType = file; path = "AtkinsonHyperlegible-Regular.otf"; sourceTree = "<group>"; };
		2A00000000000000000A0E06 /* AtkinsonHyperlegible-Bold.otf */ = {isa = PBXFileReference; lastKnownFileType = file; path = "AtkinsonHyperlegible-Bold.otf"; sourceTree = "<group>"; };
		2A00000000000000000A0E03 /* OpenDyslexic-OFL.txt */ = {isa = PBXFileReference; lastKnownFileType = text; path = "OpenDyslexic-OFL.txt"; sourceTree = "<group>"; };
		2A00000000000000000A0E04 /* AtkinsonHyperlegible-OFL.txt */ = {isa = PBXFileReference; lastKnownFileType = text; path = "AtkinsonHyperlegible-OFL.txt"; sourceTree = "<group>"; };
		2A00000000000000000A0085 /* Info.plist */ = {isa = PBXFileReference; lastKnownFileType = text.plist.xml; path = Info.plist; sourceTree = "<group>"; };
		2A00000000000000000A0091 /* PronunciationDictionary.swift */ = {isa = PBXFileReference; lastKnownFileType = sourcecode.swift; path = PronunciationDictionary.swift; sourceTree = "<group>"; };
		2A00000000000000000A0092 /* PronunciationSettingsView.swift */ = {isa = PBXFileReference; lastKnownFileType = sourcecode.swift; path = PronunciationSettingsView.swift; sourceTree = "<group>"; };
		2A00000000000000000A00A1 /* ReadingStats.swift */ = {isa = PBXFileReference; lastKnownFileType = sourcecode.swift; path = ReadingStats.swift; sourceTree = "<group>"; };
		2A00000000000000000A00A2 /* AnalyticsSettingsView.swift */ = {isa = PBXFileReference; lastKnownFileType = sourcecode.swift; path = AnalyticsSettingsView.swift; sourceTree = "<group>"; };
		2A00000000000000000A00B1 /* AudioExporter.swift */ = {isa = PBXFileReference; lastKnownFileType = sourcecode.swift; path = AudioExporter.swift; sourceTree = "<group>"; };
		2A00000000000000000A00C1 /* EPUBLoader.swift */ = {isa = PBXFileReference; lastKnownFileType = sourcecode.swift; path = EPUBLoader.swift; sourceTree = "<group>"; };
		2A00000000000000000A00C2 /* EPUBReaderView.swift */ = {isa = PBXFileReference; lastKnownFileType = sourcecode.swift; path = EPUBReaderView.swift; sourceTree = "<group>"; };
		2A00000000000000000A00B2 /* ExportCoordinator.swift */ = {isa = PBXFileReference; lastKnownFileType = sourcecode.swift; path = ExportCoordinator.swift; sourceTree = "<group>"; };
		2A00000000000000000A0051 /* LibraryEntry.swift */ = {isa = PBXFileReference; lastKnownFileType = sourcecode.swift; path = LibraryEntry.swift; sourceTree = "<group>"; };
		2A00000000000000000A0052 /* Library.swift */ = {isa = PBXFileReference; lastKnownFileType = sourcecode.swift; path = Library.swift; sourceTree = "<group>"; };
		2A00000000000000000A0053 /* LibrarySidebarView.swift */ = {isa = PBXFileReference; lastKnownFileType = sourcecode.swift; path = LibrarySidebarView.swift; sourceTree = "<group>"; };
		2A00000000000000000A0061 /* SpeechSettings.swift */ = {isa = PBXFileReference; lastKnownFileType = sourcecode.swift; path = SpeechSettings.swift; sourceTree = "<group>"; };
		2A00000000000000000A0066 /* ReaderSettings.swift */ = {isa = PBXFileReference; lastKnownFileType = sourcecode.swift; path = ReaderSettings.swift; sourceTree = "<group>"; };
		2A00000000000000000A00E4 /* FontSizeControl.swift */ = {isa = PBXFileReference; lastKnownFileType = sourcecode.swift; path = FontSizeControl.swift; sourceTree = "<group>"; };
		2A00000000000000000A0062 /* SettingsView.swift */ = {isa = PBXFileReference; lastKnownFileType = sourcecode.swift; path = SettingsView.swift; sourceTree = "<group>"; };
		2A00000000000000000A0065 /* ShortcutsSettingsView.swift */ = {isa = PBXFileReference; lastKnownFileType = sourcecode.swift; path = ShortcutsSettingsView.swift; sourceTree = "<group>"; };
		2A00000000000000000A0067 /* ReadingSettingsView.swift */ = {isa = PBXFileReference; lastKnownFileType = sourcecode.swift; path = ReadingSettingsView.swift; sourceTree = "<group>"; };
		2A00000000000000000A0068 /* PlaybackControlsSettingsView.swift */ = {isa = PBXFileReference; lastKnownFileType = sourcecode.swift; path = PlaybackControlsSettingsView.swift; sourceTree = "<group>"; };
		2A00000000000000000A0069 /* LearningSettingsView.swift */ = {isa = PBXFileReference; lastKnownFileType = sourcecode.swift; path = LearningSettingsView.swift; sourceTree = "<group>"; };
		2A00000000000000000A0063 /* ModelsSettingsView.swift */ = {isa = PBXFileReference; lastKnownFileType = sourcecode.swift; path = ModelsSettingsView.swift; sourceTree = "<group>"; };
		2A00000000000000000A0071 /* ModelEntry.swift */ = {isa = PBXFileReference; lastKnownFileType = sourcecode.swift; path = ModelEntry.swift; sourceTree = "<group>"; };
		2A00000000000000000A0072 /* ModelCatalog.swift */ = {isa = PBXFileReference; lastKnownFileType = sourcecode.swift; path = ModelCatalog.swift; sourceTree = "<group>"; };
		2A00000000000000000A0073 /* ModelStorage.swift */ = {isa = PBXFileReference; lastKnownFileType = sourcecode.swift; path = ModelStorage.swift; sourceTree = "<group>"; };
		2A00000000000000000A0074 /* ModelDownloader.swift */ = {isa = PBXFileReference; lastKnownFileType = sourcecode.swift; path = ModelDownloader.swift; sourceTree = "<group>"; };
		2A00000000000000000A0075 /* ModelManager.swift */ = {isa = PBXFileReference; lastKnownFileType = sourcecode.swift; path = ModelManager.swift; sourceTree = "<group>"; };
		2A00000000000000000B0001 /* DropTargetTests.swift */ = {isa = PBXFileReference; lastKnownFileType = sourcecode.swift; path = DropTargetTests.swift; sourceTree = "<group>"; };
		2A00000000000000000B0002 /* PDFDocumentLoaderTests.swift */ = {isa = PBXFileReference; lastKnownFileType = sourcecode.swift; path = PDFDocumentLoaderTests.swift; sourceTree = "<group>"; };
		2A00000000000000000B0003 /* PDFTextExtractorTests.swift */ = {isa = PBXFileReference; lastKnownFileType = sourcecode.swift; path = PDFTextExtractorTests.swift; sourceTree = "<group>"; };
		2A00000000000000000B0004 /* SentenceSegmenterTests.swift */ = {isa = PBXFileReference; lastKnownFileType = sourcecode.swift; path = SentenceSegmenterTests.swift; sourceTree = "<group>"; };
		2A00000000000000000B0025 /* LineReflowTests.swift */ = {isa = PBXFileReference; lastKnownFileType = sourcecode.swift; path = LineReflowTests.swift; sourceTree = "<group>"; };
		2A00000000000000000B0005 /* MarkdownRendererTests.swift */ = {isa = PBXFileReference; lastKnownFileType = sourcecode.swift; path = MarkdownRendererTests.swift; sourceTree = "<group>"; };
		2A00000000000000000B0006 /* ModelStorageTests.swift */ = {isa = PBXFileReference; lastKnownFileType = sourcecode.swift; path = ModelStorageTests.swift; sourceTree = "<group>"; };
		2A00000000000000000B0007 /* ModelCatalogReachabilityTests.swift */ = {isa = PBXFileReference; lastKnownFileType = sourcecode.swift; path = ModelCatalogReachabilityTests.swift; sourceTree = "<group>"; };
		2A00000000000000000B0008 /* LibraryTests.swift */ = {isa = PBXFileReference; lastKnownFileType = sourcecode.swift; path = LibraryTests.swift; sourceTree = "<group>"; };
		2A00000000000000000B0009 /* PronunciationDictionaryTests.swift */ = {isa = PBXFileReference; lastKnownFileType = sourcecode.swift; path = PronunciationDictionaryTests.swift; sourceTree = "<group>"; };
		2A00000000000000000B000A /* ResearchCleanupTests.swift */ = {isa = PBXFileReference; lastKnownFileType = sourcecode.swift; path = ResearchCleanupTests.swift; sourceTree = "<group>"; };
		2A00000000000000000B000B /* ReadingStatsTests.swift */ = {isa = PBXFileReference; lastKnownFileType = sourcecode.swift; path = ReadingStatsTests.swift; sourceTree = "<group>"; };
		2A00000000000000000B000C /* SpeechPlayerProgressTests.swift */ = {isa = PBXFileReference; lastKnownFileType = sourcecode.swift; path = SpeechPlayerProgressTests.swift; sourceTree = "<group>"; };
		2A00000000000000000B000D /* LibrarySidebarFormatterTests.swift */ = {isa = PBXFileReference; lastKnownFileType = sourcecode.swift; path = LibrarySidebarFormatterTests.swift; sourceTree = "<group>"; };
		2A00000000000000000A00E1 /* ReaderHitTester.swift */ = {isa = PBXFileReference; lastKnownFileType = sourcecode.swift; path = ReaderHitTester.swift; sourceTree = "<group>"; };
		2A00000000000000000A00E2 /* ClickableReaderTextView.swift */ = {isa = PBXFileReference; lastKnownFileType = sourcecode.swift; path = ClickableReaderTextView.swift; sourceTree = "<group>"; };
		2A00000000000000000A00E3 /* SearchBar.swift */ = {isa = PBXFileReference; lastKnownFileType = sourcecode.swift; path = SearchBar.swift; sourceTree = "<group>"; };
		2A00000000000000000B000E /* ReaderHitTesterTests.swift */ = {isa = PBXFileReference; lastKnownFileType = sourcecode.swift; path = ReaderHitTesterTests.swift; sourceTree = "<group>"; };
		2A00000000000000000A0036 /* SkipRule.swift */ = {isa = PBXFileReference; lastKnownFileType = sourcecode.swift; path = SkipRule.swift; sourceTree = "<group>"; };
		2A00000000000000000A0064 /* SkipRulesSettingsView.swift */ = {isa = PBXFileReference; lastKnownFileType = sourcecode.swift; path = SkipRulesSettingsView.swift; sourceTree = "<group>"; };
		2A00000000000000000B000F /* SkipRuleTests.swift */ = {isa = PBXFileReference; lastKnownFileType = sourcecode.swift; path = SkipRuleTests.swift; sourceTree = "<group>"; };
		2A00000000000000000B0010 /* KokoroChunkerTests.swift */ = {isa = PBXFileReference; lastKnownFileType = sourcecode.swift; path = KokoroChunkerTests.swift; sourceTree = "<group>"; };
		2A00000000000000000B0011 /* SelectionReaderTests.swift */ = {isa = PBXFileReference; lastKnownFileType = sourcecode.swift; path = SelectionReaderTests.swift; sourceTree = "<group>"; };
		2A00000000000000000B0012 /* HighlightStyleTests.swift */ = {isa = PBXFileReference; lastKnownFileType = sourcecode.swift; path = HighlightStyleTests.swift; sourceTree = "<group>"; };
		2A00000000000000000B0014 /* NowPlayingMappingTests.swift */ = {isa = PBXFileReference; lastKnownFileType = sourcecode.swift; path = NowPlayingMappingTests.swift; sourceTree = "<group>"; };
		2A00000000000000000B0015 /* SleepTimerTests.swift */ = {isa = PBXFileReference; lastKnownFileType = sourcecode.swift; path = SleepTimerTests.swift; sourceTree = "<group>"; };
		2A00000000000000000A00B3 /* AudioExportFormat.swift */ = {isa = PBXFileReference; lastKnownFileType = sourcecode.swift; path = AudioExportFormat.swift; sourceTree = "<group>"; };
		2A00000000000000000A00B4 /* ExportQueueView.swift */ = {isa = PBXFileReference; lastKnownFileType = sourcecode.swift; path = ExportQueueView.swift; sourceTree = "<group>"; };
		2A00000000000000000A00B5 /* ExportOverrides.swift */ = {isa = PBXFileReference; lastKnownFileType = sourcecode.swift; path = ExportOverrides.swift; sourceTree = "<group>"; };
		2A00000000000000000A00B6 /* ExportEstimator.swift */ = {isa = PBXFileReference; lastKnownFileType = sourcecode.swift; path = ExportEstimator.swift; sourceTree = "<group>"; };
		2A00000000000000000A00B7 /* ExportSentenceLoader.swift */ = {isa = PBXFileReference; lastKnownFileType = sourcecode.swift; path = ExportSentenceLoader.swift; sourceTree = "<group>"; };
		2A00000000000000000A00B8 /* ExportOptionsSheet.swift */ = {isa = PBXFileReference; lastKnownFileType = sourcecode.swift; path = ExportOptionsSheet.swift; sourceTree = "<group>"; };
		2A00000000000000000A00F1 /* Assets.xcassets */ = {isa = PBXFileReference; lastKnownFileType = folder.assetcatalog; path = Assets.xcassets; sourceTree = "<group>"; };
		2A00000000000000000A00F2 /* ScratchpadView.swift */ = {isa = PBXFileReference; lastKnownFileType = sourcecode.swift; path = ScratchpadView.swift; sourceTree = "<group>"; };
		2A00000000000000000A00F3 /* AppIcon.icns */ = {isa = PBXFileReference; lastKnownFileType = image.icns; path = AppIcon.icns; sourceTree = "<group>"; };
		2A00000000000000000A0D00 /* OnboardingState.swift */ = {isa = PBXFileReference; lastKnownFileType = sourcecode.swift; path = OnboardingState.swift; sourceTree = "<group>"; };
		2A00000000000000000A0D01 /* OnboardingView.swift */ = {isa = PBXFileReference; lastKnownFileType = sourcecode.swift; path = OnboardingView.swift; sourceTree = "<group>"; };
		2A00000000000000000A0D02 /* OnboardingSampleLoader.swift */ = {isa = PBXFileReference; lastKnownFileType = sourcecode.swift; path = OnboardingSampleLoader.swift; sourceTree = "<group>"; };
		2A00000000000000000A0D03 /* WelcomeSample.md */ = {isa = PBXFileReference; lastKnownFileType = net.daringfireball.markdown; path = WelcomeSample.md; sourceTree = "<group>"; };
		2A00000000000000000A0D04 /* mermaid.min.js */ = {isa = PBXFileReference; lastKnownFileType = sourcecode.javascript; path = mermaid.min.js; sourceTree = "<group>"; };
		2A00000000000000000A00D1 /* DOCXLoader.swift */ = {isa = PBXFileReference; lastKnownFileType = sourcecode.swift; path = DOCXLoader.swift; sourceTree = "<group>"; };
		2A00000000000000000A00D2 /* DOCXReaderView.swift */ = {isa = PBXFileReference; lastKnownFileType = sourcecode.swift; path = DOCXReaderView.swift; sourceTree = "<group>"; };
		2A00000000000000000A00D3 /* TextReaderView.swift */ = {isa = PBXFileReference; lastKnownFileType = sourcecode.swift; path = TextReaderView.swift; sourceTree = "<group>"; };
		2A00000000000000000C0001 /* ReadAloudTTS.xcconfig */ = {isa = PBXFileReference; lastKnownFileType = text.xcconfig; path = ReadAloudTTS.xcconfig; sourceTree = "<group>"; };
		2A00000000000000000C0002 /* Local.xcconfig.example */ = {isa = PBXFileReference; lastKnownFileType = text; path = Local.xcconfig.example; sourceTree = "<group>"; };
		2A00000000000000000FFFF1 /* ReadAloudTTS.app */ = {isa = PBXFileReference; explicitFileType = wrapper.application; includeInIndex = 0; path = ReadAloudTTS.app; sourceTree = BUILT_PRODUCTS_DIR; };
		2A00000000000000000FFFF2 /* ReadAloudTTSTests.xctest */ = {isa = PBXFileReference; explicitFileType = wrapper.cfbundle; includeInIndex = 0; path = ReadAloudTTSTests.xctest; sourceTree = BUILT_PRODUCTS_DIR; };
/* End PBXFileReference section */

/* Begin PBXFrameworksBuildPhase section */
		3A00000000000000000A0002 /* Frameworks */ = {
			isa = PBXFrameworksBuildPhase;
			buildActionMask = 2147483647;
			files = (
				2B00000000000000000F0001 /* KokoroSwift in Frameworks */,
				2B00000000000000000F0002 /* MLX in Frameworks */,
				2B00000000000000000F0003 /* MLXUtilsLibrary in Frameworks */,
				2B00000000000000000F0004 /* ZIPFoundation in Frameworks */,
				2B00000000000000000F0005 /* WhisperKit in Frameworks */,
				2B00000000000000000F0006 /* TTSKit in Frameworks */,
				2B00000000000000000F0007 /* KeyboardShortcuts in Frameworks */,
			);
			runOnlyForDeploymentPostprocessing = 0;
		};
		3A00000000000000000B0002 /* Frameworks */ = {
			isa = PBXFrameworksBuildPhase;
			buildActionMask = 2147483647;
			files = (
			);
			runOnlyForDeploymentPostprocessing = 0;
		};
/* End PBXFrameworksBuildPhase section */

/* Begin PBXGroup section */
		1B00000000000000000A0001 = {
			isa = PBXGroup;
			children = (
				1B00000000000000000A0002 /* App */,
				1B00000000000000000A0005 /* Tests */,
				1B00000000000000000A0007 /* Configs */,
				1B00000000000000000A00FF /* Products */,
			);
			sourceTree = "<group>";
		};
		1B00000000000000000A0002 /* App */ = {
			isa = PBXGroup;
			children = (
				1B00000000000000000A0003 /* Sources */,
				1B00000000000000000A0015 /* Resources */,
				2A00000000000000000A0010 /* ReadAloudTTS.entitlements */,
				2A00000000000000000A0085 /* Info.plist */,
			);
			path = App;
			sourceTree = "<group>";
		};
		1B00000000000000000A0015 /* Resources */ = {
			isa = PBXGroup;
			children = (
				2A00000000000000000A00F1 /* Assets.xcassets */,
				2A00000000000000000A00F3 /* AppIcon.icns */,
				2A00000000000000000A0D03 /* WelcomeSample.md */,
				2A00000000000000000A0D04 /* mermaid.min.js */,
				1B00000000000000000A001A /* Fonts */,
			);
			path = Resources;
			sourceTree = "<group>";
		};
		1B00000000000000000A001A /* Fonts */ = {
			isa = PBXGroup;
			children = (
				2A00000000000000000A0E01 /* OpenDyslexic-Regular.otf */,
				2A00000000000000000A0E05 /* OpenDyslexic-Bold.otf */,
				2A00000000000000000A0E02 /* AtkinsonHyperlegible-Regular.otf */,
				2A00000000000000000A0E06 /* AtkinsonHyperlegible-Bold.otf */,
				1B00000000000000000A001B /* LICENSES */,
			);
			path = Fonts;
			sourceTree = "<group>";
		};
		1B00000000000000000A001B /* LICENSES */ = {
			isa = PBXGroup;
			children = (
				2A00000000000000000A0E03 /* OpenDyslexic-OFL.txt */,
				2A00000000000000000A0E04 /* AtkinsonHyperlegible-OFL.txt */,
			);
			path = LICENSES;
			sourceTree = "<group>";
		};
		1B00000000000000000A0003 /* Sources */ = {
			isa = PBXGroup;
			children = (
				2A00000000000000000A0001 /* ReadAloudTTSApp.swift */,
				2A00000000000000000A0002 /* AppScene.swift */,
				2A00000000000000000A0007 /* RootView.swift */,
				2A00000000000000000A0003 /* Colors.swift */,
				2A00000000000000000A0004 /* Typography.swift */,
				2A00000000000000000A0A00 /* VisualEffectBackground.swift */,
				1B00000000000000000A0004 /* DropTarget */,
				1B00000000000000000A0008 /* PDFViewer */,
				1B00000000000000000A0009 /* Markdown */,
				1B00000000000000000A000A /* Document */,
				1B00000000000000000A000B /* Playback */,
				1B00000000000000000A000C /* Library */,
				1B00000000000000000A000D /* Settings */,
				1B00000000000000000A000E /* Models */,
				1B00000000000000000A000F /* MenuBar */,
				1B00000000000000000A0010 /* Pronunciation */,
				1B00000000000000000A0011 /* Analytics */,
				1B00000000000000000A0012 /* Export */,
				1B00000000000000000A0013 /* EPUB */,
				1B00000000000000000A0014 /* Reader */,
				1B00000000000000000A0016 /* Scratchpad */,
				1B00000000000000000A0017 /* Onboarding */,
				1B00000000000000000A0018 /* DOCX */,
				1B00000000000000000A0019 /* Text */,
				1B00000000000000000A001E /* OCR */,
				1B00000000000000000A001D /* Learning */,
				1B00000000000000000A001C /* Translation */,
			);
			path = Sources;
			sourceTree = "<group>";
		};
		1B00000000000000000A0017 /* Onboarding */ = {
			isa = PBXGroup;
			children = (
				2A00000000000000000A0D00 /* OnboardingState.swift */,
				2A00000000000000000A0D01 /* OnboardingView.swift */,
				2A00000000000000000A0D02 /* OnboardingSampleLoader.swift */,
			);
			path = Onboarding;
			sourceTree = "<group>";
		};
		1B00000000000000000A0004 /* DropTarget */ = {
			isa = PBXGroup;
			children = (
				2A00000000000000000A0005 /* DropTargetView.swift */,
				2A00000000000000000A0006 /* DroppedDocument.swift */,
			);
			path = DropTarget;
			sourceTree = "<group>";
		};
		1B00000000000000000A0008 /* PDFViewer */ = {
			isa = PBXGroup;
			children = (
				2A00000000000000000A0011 /* PDFViewerView.swift */,
				2A00000000000000000A0012 /* PDFDocumentLoader.swift */,
			);
			path = PDFViewer;
			sourceTree = "<group>";
		};
		1B00000000000000000A0009 /* Markdown */ = {
			isa = PBXGroup;
			children = (
				2A00000000000000000A0021 /* MarkdownReaderView.swift */,
				2A00000000000000000A0022 /* MarkdownDocumentStore.swift */,
				2A00000000000000000A0023 /* ResizableFigureAttachment.swift */,
			);
			path = Markdown;
			sourceTree = "<group>";
		};
		1B00000000000000000A000A /* Document */ = {
			isa = PBXGroup;
			children = (
				2A00000000000000000A0031 /* DocumentBlock.swift */,
				2A00000000000000000A0032 /* PDFTextExtractor.swift */,
				2A00000000000000000A0033 /* Sentence.swift */,
				2A00000000000000000A0034 /* SentenceSegmenter.swift */,
				2A00000000000000000A0099 /* LineReflow.swift */,
				2A00000000000000000A0035 /* ResearchCleanup.swift */,
				2A00000000000000000A0036 /* SkipRule.swift */,
			);
			path = Document;
			sourceTree = "<group>";
		};
		1B00000000000000000A000B /* Playback */ = {
			isa = PBXGroup;
			children = (
				2A00000000000000000A0041 /* SpeechPlayer.swift */,
				2A00000000000000000A0042 /* PlaybackTransportView.swift */,
				2A00000000000000000A0043 /* KokoroEngine.swift */,
				2A00000000000000000A0044 /* PCMAudioPlayer.swift */,
				2A00000000000000000A0045 /* QwenEngine.swift */,
				2A00000000000000000A0046 /* WhisperAligner.swift */,
				2A00000000000000000A0047 /* KokoroChunker.swift */,
				2A00000000000000000A0048 /* NowPlayingController.swift */,
				2A00000000000000000A0049 /* SleepTimer.swift */,
				2A00000000000000000A004A /* ReadingQueue.swift */,
			);
			path = Playback;
			sourceTree = "<group>";
		};
		1B00000000000000000A000C /* Library */ = {
			isa = PBXGroup;
			children = (
				2A00000000000000000A0051 /* LibraryEntry.swift */,
				2A00000000000000000A0052 /* Library.swift */,
				2A00000000000000000A0053 /* LibrarySidebarView.swift */,
			);
			path = Library;
			sourceTree = "<group>";
		};
		1B00000000000000000A000D /* Settings */ = {
			isa = PBXGroup;
			children = (
				2A00000000000000000A0061 /* SpeechSettings.swift */,
				2A00000000000000000A0066 /* ReaderSettings.swift */,
				2A00000000000000000A0062 /* SettingsView.swift */,
				2A00000000000000000A0063 /* ModelsSettingsView.swift */,
				2A00000000000000000A0064 /* SkipRulesSettingsView.swift */,
				2A00000000000000000A0092 /* PronunciationSettingsView.swift */,
				2A00000000000000000A00A2 /* AnalyticsSettingsView.swift */,
				2A00000000000000000A0065 /* ShortcutsSettingsView.swift */,
				2A00000000000000000A0067 /* ReadingSettingsView.swift */,
				2A00000000000000000A0068 /* PlaybackControlsSettingsView.swift */,
				2A00000000000000000A0069 /* LearningSettingsView.swift */,
			);
			path = Settings;
			sourceTree = "<group>";
		};
		1B00000000000000000A000E /* Models */ = {
			isa = PBXGroup;
			children = (
				2A00000000000000000A0071 /* ModelEntry.swift */,
				2A00000000000000000A0072 /* ModelCatalog.swift */,
				2A00000000000000000A0073 /* ModelStorage.swift */,
				2A00000000000000000A0074 /* ModelDownloader.swift */,
				2A00000000000000000A0075 /* ModelManager.swift */,
			);
			path = Models;
			sourceTree = "<group>";
		};
		1B00000000000000000A000F /* MenuBar */ = {
			isa = PBXGroup;
			children = (
				2A00000000000000000A0081 /* MenuBarCommand.swift */,
				2A00000000000000000A0082 /* ServicesProvider.swift */,
				2A00000000000000000A0084 /* AppDelegateShim.swift */,
				2A00000000000000000A0086 /* SelectionReader.swift */,
				2A00000000000000000A0087 /* ReadHUD.swift */,
			);
			path = MenuBar;
			sourceTree = "<group>";
		};
		1B00000000000000000A0010 /* Pronunciation */ = {
			isa = PBXGroup;
			children = (
				2A00000000000000000A0091 /* PronunciationDictionary.swift */,
			);
			path = Pronunciation;
			sourceTree = "<group>";
		};
		1B00000000000000000A0011 /* Analytics */ = {
			isa = PBXGroup;
			children = (
				2A00000000000000000A00A1 /* ReadingStats.swift */,
			);
			path = Analytics;
			sourceTree = "<group>";
		};
		1B00000000000000000A0012 /* Export */ = {
			isa = PBXGroup;
			children = (
				2A00000000000000000A00B1 /* AudioExporter.swift */,
				2A00000000000000000A00B2 /* ExportCoordinator.swift */,
				2A00000000000000000A00B3 /* AudioExportFormat.swift */,
				2A00000000000000000A00B4 /* ExportQueueView.swift */,
				2A00000000000000000A00B5 /* ExportOverrides.swift */,
				2A00000000000000000A00B6 /* ExportEstimator.swift */,
				2A00000000000000000A00B7 /* ExportSentenceLoader.swift */,
				2A00000000000000000A00B8 /* ExportOptionsSheet.swift */,
			);
			path = Export;
			sourceTree = "<group>";
		};
		1B00000000000000000A0013 /* EPUB */ = {
			isa = PBXGroup;
			children = (
				2A00000000000000000A00C1 /* EPUBLoader.swift */,
				2A00000000000000000A00C2 /* EPUBReaderView.swift */,
			);
			path = EPUB;
			sourceTree = "<group>";
		};
		1B00000000000000000A0018 /* DOCX */ = {
			isa = PBXGroup;
			children = (
				2A00000000000000000A00D1 /* DOCXLoader.swift */,
				2A00000000000000000A00D2 /* DOCXReaderView.swift */,
			);
			path = DOCX;
			sourceTree = "<group>";
		};
		1B00000000000000000A0019 /* Text */ = {
			isa = PBXGroup;
			children = (
				2A00000000000000000A00D3 /* TextReaderView.swift */,
			);
			path = Text;
			sourceTree = "<group>";
		};
		1B00000000000000000A001E /* OCR */ = {
			isa = PBXGroup;
			children = (
				2A00000000000000000A0951 /* ReadingOrder.swift */,
				2A00000000000000000A0952 /* OCRService.swift */,
				2A00000000000000000A0953 /* ImageOCRReaderView.swift */,
			);
			path = OCR;
			sourceTree = "<group>";
		};
		1B00000000000000000A001D /* Learning */ = {
			isa = PBXGroup;
			children = (
				2A00000000000000000A0D09 /* AnkiCSVExporter.swift */,
				2A00000000000000000A0D08 /* VocabularyStore.swift */,
				2A00000000000000000A0D0A /* LearningSettings.swift */,
			);
			path = Learning;
			sourceTree = "<group>";
		};
		1B00000000000000000A001C /* Translation */ = {
			isa = PBXGroup;
			children = (
				2A00000000000000000A0D07 /* WordRangeResolver.swift */,
				2A00000000000000000A0D0D /* TranslationPopoverController.swift */,
				2A00000000000000000A0D0C /* TranslationPopoverView.swift */,
				2A00000000000000000A0D0B /* WordPronouncer.swift */,
			);
			path = Translation;
			sourceTree = "<group>";
		};
		1B00000000000000000A0014 /* Reader */ = {
			isa = PBXGroup;
			children = (
				2A00000000000000000A00E1 /* ReaderHitTester.swift */,
				2A00000000000000000A00E2 /* ClickableReaderTextView.swift */,
				2A00000000000000000A00E3 /* SearchBar.swift */,
				2A00000000000000000A00E4 /* FontSizeControl.swift */,
				2A00000000000000000A00E5 /* HighlightStyle.swift */,
				2A00000000000000000A00E7 /* ReaderTypography.swift */,
				2A00000000000000000A00E9 /* BionicReading.swift */,
				2A00000000000000000A00EA /* ReadingTheme.swift */,
				2A00000000000000000A00EB /* LineFocusOverlay.swift */,
			);
			path = Reader;
			sourceTree = "<group>";
		};
		1B00000000000000000A0016 /* Scratchpad */ = {
			isa = PBXGroup;
			children = (
				2A00000000000000000A00F2 /* ScratchpadView.swift */,
			);
			path = Scratchpad;
			sourceTree = "<group>";
		};
		1B00000000000000000A0005 /* Tests */ = {
			isa = PBXGroup;
			children = (
				1B00000000000000000A0006 /* AppTests */,
			);
			path = Tests;
			sourceTree = "<group>";
		};
		1B00000000000000000A0006 /* AppTests */ = {
			isa = PBXGroup;
			children = (
				2A00000000000000000B0001 /* DropTargetTests.swift */,
				2A00000000000000000B0002 /* PDFDocumentLoaderTests.swift */,
				2A00000000000000000B0003 /* PDFTextExtractorTests.swift */,
				2A00000000000000000B0004 /* SentenceSegmenterTests.swift */,
				2A00000000000000000B0025 /* LineReflowTests.swift */,
				2A00000000000000000B0005 /* MarkdownRendererTests.swift */,
				2A00000000000000000B0006 /* ModelStorageTests.swift */,
				2A00000000000000000B0007 /* ModelCatalogReachabilityTests.swift */,
				2A00000000000000000B0008 /* LibraryTests.swift */,
				2A00000000000000000B0009 /* PronunciationDictionaryTests.swift */,
				2A00000000000000000B000A /* ResearchCleanupTests.swift */,
				2A00000000000000000B000B /* ReadingStatsTests.swift */,
				2A00000000000000000B000C /* SpeechPlayerProgressTests.swift */,
				2A00000000000000000B000D /* LibrarySidebarFormatterTests.swift */,
				2A00000000000000000B000E /* ReaderHitTesterTests.swift */,
				2A00000000000000000B000F /* SkipRuleTests.swift */,
				2A00000000000000000B0010 /* KokoroChunkerTests.swift */,
				2A00000000000000000B0011 /* SelectionReaderTests.swift */,
				2A00000000000000000B0012 /* HighlightStyleTests.swift */,
				2A00000000000000000B0014 /* NowPlayingMappingTests.swift */,
				2A00000000000000000B0015 /* SleepTimerTests.swift */,
				2A00000000000000000B0013 /* ReaderTypographyTests.swift */,
				2A00000000000000000B001C /* BionicReadingTests.swift */,
				2A00000000000000000B0016 /* ReadingQueueTests.swift */,
				2A00000000000000000B0017 /* SentenceLanguageTests.swift */,
				2A00000000000000000B001B /* ReadingOrderTests.swift */,
				2A00000000000000000B0023 /* OCRServiceTests.swift */,
				2A00000000000000000B0018 /* AnkiCSVExporterTests.swift */,
				2A00000000000000000B001A /* VocabularyStoreTests.swift */,
				2A00000000000000000B0022 /* ReaderSettingsTests.swift */,
				2A00000000000000000B0021 /* ReadingThemeTests.swift */,
				2A00000000000000000B0020 /* LearningSettingsTests.swift */,
				2A00000000000000000B0019 /* WordRangeResolverTests.swift */,
			);
			path = AppTests;
			sourceTree = "<group>";
		};
		1B00000000000000000A0007 /* Configs */ = {
			isa = PBXGroup;
			children = (
				2A00000000000000000C0001 /* ReadAloudTTS.xcconfig */,
				2A00000000000000000C0002 /* Local.xcconfig.example */,
			);
			path = Configs;
			sourceTree = "<group>";
		};
		1B00000000000000000A00FF /* Products */ = {
			isa = PBXGroup;
			children = (
				2A00000000000000000FFFF1 /* ReadAloudTTS.app */,
				2A00000000000000000FFFF2 /* ReadAloudTTSTests.xctest */,
			);
			name = Products;
			sourceTree = "<group>";
		};
/* End PBXGroup section */

/* Begin PBXNativeTarget section */
		4A00000000000000000A0001 /* ReadAloudTTS */ = {
			isa = PBXNativeTarget;
			buildConfigurationList = 5A00000000000000000A0002 /* Build configuration list for PBXNativeTarget "ReadAloudTTS" */;
			buildPhases = (
				3A00000000000000000A0001 /* Sources */,
				3A00000000000000000A0002 /* Frameworks */,
				3A00000000000000000A0003 /* Resources */,
			);
			buildRules = (
			);
			dependencies = (
			);
			name = ReadAloudTTS;
			packageProductDependencies = (
				7B00000000000000000A0001 /* KokoroSwift */,
				7B00000000000000000A0002 /* MLX */,
				7B00000000000000000A0003 /* MLXUtilsLibrary */,
				7B00000000000000000A0004 /* ZIPFoundation */,
				7B00000000000000000A0005 /* WhisperKit */,
				7B00000000000000000A0006 /* TTSKit */,
				7B00000000000000000A0007 /* KeyboardShortcuts */,
			);
			productName = ReadAloudTTS;
			productReference = 2A00000000000000000FFFF1 /* ReadAloudTTS.app */;
			productType = "com.apple.product-type.application";
		};
		4A00000000000000000B0001 /* ReadAloudTTSTests */ = {
			isa = PBXNativeTarget;
			buildConfigurationList = 5A00000000000000000A0003 /* Build configuration list for PBXNativeTarget "ReadAloudTTSTests" */;
			buildPhases = (
				3A00000000000000000B0001 /* Sources */,
				3A00000000000000000B0002 /* Frameworks */,
				3A00000000000000000B0003 /* Resources */,
			);
			buildRules = (
			);
			dependencies = (
				6A00000000000000000A0001 /* PBXTargetDependency */,
			);
			name = ReadAloudTTSTests;
			productName = ReadAloudTTSTests;
			productReference = 2A00000000000000000FFFF2 /* ReadAloudTTSTests.xctest */;
			productType = "com.apple.product-type.bundle.unit-test";
		};
/* End PBXNativeTarget section */

/* Begin PBXProject section */
		1A00000000000000000A0001 /* Project object */ = {
			isa = PBXProject;
			attributes = {
				BuildIndependentTargetsInParallel = YES;
				LastSwiftUpdateCheck = 1700;
				LastUpgradeCheck = 1700;
				TargetAttributes = {
					4A00000000000000000A0001 = {
						CreatedOnToolsVersion = 17.0;
					};
					4A00000000000000000B0001 = {
						CreatedOnToolsVersion = 17.0;
						TestTargetID = 4A00000000000000000A0001;
					};
				};
			};
			buildConfigurationList = 5A00000000000000000A0001 /* Build configuration list for PBXProject "ReadAloudTTS" */;
			compatibilityVersion = "Xcode 15.0";
			developmentRegion = en;
			hasScannedForEncodings = 0;
			knownRegions = (
				en,
				Base,
			);
			mainGroup = 1B00000000000000000A0001;
			packageReferences = (
				7A00000000000000000A0001 /* XCRemoteSwiftPackageReference "kokoro-ios" */,
				7A00000000000000000A0002 /* XCRemoteSwiftPackageReference "mlx-swift" */,
				7A00000000000000000A0003 /* XCRemoteSwiftPackageReference "MLXUtilsLibrary" */,
				7A00000000000000000A0004 /* XCRemoteSwiftPackageReference "ZIPFoundation" */,
				7A00000000000000000A0005 /* XCRemoteSwiftPackageReference "WhisperKit" */,
				7A00000000000000000A0006 /* XCRemoteSwiftPackageReference "KeyboardShortcuts" */,
			);
			productRefGroup = 1B00000000000000000A00FF /* Products */;
			projectDirPath = "";
			projectRoot = "";
			targets = (
				4A00000000000000000A0001 /* ReadAloudTTS */,
				4A00000000000000000B0001 /* ReadAloudTTSTests */,
			);
		};
/* End PBXProject section */

/* Begin XCRemoteSwiftPackageReference section */
		7A00000000000000000A0001 /* XCRemoteSwiftPackageReference "kokoro-ios" */ = {
			isa = XCRemoteSwiftPackageReference;
			repositoryURL = "https://github.com/mlalma/kokoro-ios.git";
			requirement = {
				kind = upToNextMajorVersion;
				minimumVersion = 1.0.0;
			};
		};
		7A00000000000000000A0002 /* XCRemoteSwiftPackageReference "mlx-swift" */ = {
			isa = XCRemoteSwiftPackageReference;
			repositoryURL = "https://github.com/ml-explore/mlx-swift";
			requirement = {
				kind = upToNextMajorVersion;
				minimumVersion = 0.30.0;
			};
		};
		7A00000000000000000A0003 /* XCRemoteSwiftPackageReference "MLXUtilsLibrary" */ = {
			isa = XCRemoteSwiftPackageReference;
			repositoryURL = "https://github.com/mlalma/MLXUtilsLibrary.git";
			requirement = {
				kind = upToNextMajorVersion;
				minimumVersion = 0.0.6;
			};
		};
		7A00000000000000000A0004 /* XCRemoteSwiftPackageReference "ZIPFoundation" */ = {
			isa = XCRemoteSwiftPackageReference;
			repositoryURL = "https://github.com/weichsel/ZIPFoundation.git";
			requirement = {
				kind = upToNextMajorVersion;
				minimumVersion = 0.9.0;
			};
		};
		7A00000000000000000A0005 /* XCRemoteSwiftPackageReference "WhisperKit" */ = {
			isa = XCRemoteSwiftPackageReference;
			repositoryURL = "https://github.com/argmaxinc/WhisperKit.git";
			requirement = {
				kind = upToNextMinorVersion;
				minimumVersion = 0.18.0;
			};
		};
		7A00000000000000000A0006 /* XCRemoteSwiftPackageReference "KeyboardShortcuts" */ = {
			isa = XCRemoteSwiftPackageReference;
			repositoryURL = "https://github.com/sindresorhus/KeyboardShortcuts.git";
			requirement = {
				kind = upToNextMajorVersion;
				minimumVersion = 2.4.0;
			};
		};
/* End XCRemoteSwiftPackageReference section */

/* Begin XCSwiftPackageProductDependency section */
		7B00000000000000000A0001 /* KokoroSwift */ = {
			isa = XCSwiftPackageProductDependency;
			package = 7A00000000000000000A0001 /* XCRemoteSwiftPackageReference "kokoro-ios" */;
			productName = KokoroSwift;
		};
		7B00000000000000000A0002 /* MLX */ = {
			isa = XCSwiftPackageProductDependency;
			package = 7A00000000000000000A0002 /* XCRemoteSwiftPackageReference "mlx-swift" */;
			productName = MLX;
		};
		7B00000000000000000A0003 /* MLXUtilsLibrary */ = {
			isa = XCSwiftPackageProductDependency;
			package = 7A00000000000000000A0003 /* XCRemoteSwiftPackageReference "MLXUtilsLibrary" */;
			productName = MLXUtilsLibrary;
		};
		7B00000000000000000A0004 /* ZIPFoundation */ = {
			isa = XCSwiftPackageProductDependency;
			package = 7A00000000000000000A0004 /* XCRemoteSwiftPackageReference "ZIPFoundation" */;
			productName = ZIPFoundation;
		};
		7B00000000000000000A0005 /* WhisperKit */ = {
			isa = XCSwiftPackageProductDependency;
			package = 7A00000000000000000A0005 /* XCRemoteSwiftPackageReference "WhisperKit" */;
			productName = WhisperKit;
		};
		7B00000000000000000A0006 /* TTSKit */ = {
			isa = XCSwiftPackageProductDependency;
			package = 7A00000000000000000A0005 /* XCRemoteSwiftPackageReference "WhisperKit" */;
			productName = TTSKit;
		};
		7B00000000000000000A0007 /* KeyboardShortcuts */ = {
			isa = XCSwiftPackageProductDependency;
			package = 7A00000000000000000A0006 /* XCRemoteSwiftPackageReference "KeyboardShortcuts" */;
			productName = KeyboardShortcuts;
		};
/* End XCSwiftPackageProductDependency section */

/* Begin PBXResourcesBuildPhase section */
		3A00000000000000000A0003 /* Resources */ = {
			isa = PBXResourcesBuildPhase;
			buildActionMask = 2147483647;
			files = (
				2B00000000000000000A00F1 /* Assets.xcassets in Resources */,
				2B00000000000000000A00F3 /* AppIcon.icns in Resources */,
				2B00000000000000000A0D03 /* WelcomeSample.md in Resources */,
				2B00000000000000000A0D04 /* mermaid.min.js in Resources */,
				2B00000000000000000A0E01 /* OpenDyslexic-Regular.otf in Resources */,
				2B00000000000000000A0E05 /* OpenDyslexic-Bold.otf in Resources */,
				2B00000000000000000A0E02 /* AtkinsonHyperlegible-Regular.otf in Resources */,
				2B00000000000000000A0E06 /* AtkinsonHyperlegible-Bold.otf in Resources */,
				2B00000000000000000A0E03 /* OpenDyslexic-OFL.txt in Resources */,
				2B00000000000000000A0E04 /* AtkinsonHyperlegible-OFL.txt in Resources */,
			);
			runOnlyForDeploymentPostprocessing = 0;
		};
		3A00000000000000000B0003 /* Resources */ = {
			isa = PBXResourcesBuildPhase;
			buildActionMask = 2147483647;
			files = (
			);
			runOnlyForDeploymentPostprocessing = 0;
		};
/* End PBXResourcesBuildPhase section */

/* Begin PBXSourcesBuildPhase section */
		3A00000000000000000A0001 /* Sources */ = {
			isa = PBXSourcesBuildPhase;
			buildActionMask = 2147483647;
			files = (
				2B00000000000000000A0001 /* ReadAloudTTSApp.swift in Sources */,
				2B00000000000000000A0002 /* AppScene.swift in Sources */,
				2B00000000000000000A0007 /* RootView.swift in Sources */,
				2B00000000000000000A0003 /* Colors.swift in Sources */,
				2B00000000000000000A0004 /* Typography.swift in Sources */,
				2B00000000000000000A0A00 /* VisualEffectBackground.swift in Sources */,
				2B00000000000000000A0005 /* DropTargetView.swift in Sources */,
				2B00000000000000000A0006 /* DroppedDocument.swift in Sources */,
				2B00000000000000000A0011 /* PDFViewerView.swift in Sources */,
				2B00000000000000000A0012 /* PDFDocumentLoader.swift in Sources */,
				2B00000000000000000A0021 /* MarkdownReaderView.swift in Sources */,
				2B00000000000000000A0022 /* MarkdownDocumentStore.swift in Sources */,
				2B00000000000000000A0023 /* ResizableFigureAttachment.swift in Sources */,
				2B00000000000000000A0031 /* DocumentBlock.swift in Sources */,
				2B00000000000000000A0032 /* PDFTextExtractor.swift in Sources */,
				2B00000000000000000A0033 /* Sentence.swift in Sources */,
				2B00000000000000000A0034 /* SentenceSegmenter.swift in Sources */,
				2B00000000000000000A0099 /* LineReflow.swift in Sources */,
				2B00000000000000000A0035 /* ResearchCleanup.swift in Sources */,
				2B00000000000000000A0041 /* SpeechPlayer.swift in Sources */,
				2B00000000000000000A0042 /* PlaybackTransportView.swift in Sources */,
				2B00000000000000000A0043 /* KokoroEngine.swift in Sources */,
				2B00000000000000000A0045 /* QwenEngine.swift in Sources */,
				2B00000000000000000A0046 /* WhisperAligner.swift in Sources */,
				2B00000000000000000A0047 /* KokoroChunker.swift in Sources */,
				2B00000000000000000A0044 /* PCMAudioPlayer.swift in Sources */,
				2B00000000000000000A0081 /* MenuBarCommand.swift in Sources */,
				2B00000000000000000A0082 /* ServicesProvider.swift in Sources */,
				2B00000000000000000A0084 /* AppDelegateShim.swift in Sources */,
				2B00000000000000000A0086 /* SelectionReader.swift in Sources */,
				2B00000000000000000A0087 /* ReadHUD.swift in Sources */,
				2B00000000000000000A0048 /* NowPlayingController.swift in Sources */,
				2B00000000000000000A0049 /* SleepTimer.swift in Sources */,
				2B00000000000000000A004A /* ReadingQueue.swift in Sources */,
				2B00000000000000000A0951 /* ReadingOrder.swift in Sources */,
				2B00000000000000000A0952 /* OCRService.swift in Sources */,
				2B00000000000000000A0953 /* ImageOCRReaderView.swift in Sources */,
				2B00000000000000000A0D09 /* AnkiCSVExporter.swift in Sources */,
				2B00000000000000000A0D08 /* VocabularyStore.swift in Sources */,
				2B00000000000000000A0D0A /* LearningSettings.swift in Sources */,
				2B00000000000000000A0D07 /* WordRangeResolver.swift in Sources */,
				2B00000000000000000A0D0D /* TranslationPopoverController.swift in Sources */,
				2B00000000000000000A0D0C /* TranslationPopoverView.swift in Sources */,
				2B00000000000000000A0D0B /* WordPronouncer.swift in Sources */,
				2B00000000000000000A00E5 /* HighlightStyle.swift in Sources */,
				2B00000000000000000A00E7 /* ReaderTypography.swift in Sources */,
				2B00000000000000000A00E9 /* BionicReading.swift in Sources */,
				2B00000000000000000A00EA /* ReadingTheme.swift in Sources */,
				2B00000000000000000A00EB /* LineFocusOverlay.swift in Sources */,
				2B00000000000000000A0091 /* PronunciationDictionary.swift in Sources */,
				2B00000000000000000A0092 /* PronunciationSettingsView.swift in Sources */,
				2B00000000000000000A00A1 /* ReadingStats.swift in Sources */,
				2B00000000000000000A00A2 /* AnalyticsSettingsView.swift in Sources */,
				2B00000000000000000A00B1 /* AudioExporter.swift in Sources */,
				2B00000000000000000A00B2 /* ExportCoordinator.swift in Sources */,
				2B00000000000000000A00C1 /* EPUBLoader.swift in Sources */,
				2B00000000000000000A00C2 /* EPUBReaderView.swift in Sources */,
				2B00000000000000000A0051 /* LibraryEntry.swift in Sources */,
				2B00000000000000000A0052 /* Library.swift in Sources */,
				2B00000000000000000A0053 /* LibrarySidebarView.swift in Sources */,
				2B00000000000000000A0061 /* SpeechSettings.swift in Sources */,
				2B00000000000000000A0066 /* ReaderSettings.swift in Sources */,
				2B00000000000000000A0062 /* SettingsView.swift in Sources */,
				2B00000000000000000A0065 /* ShortcutsSettingsView.swift in Sources */,
				2B00000000000000000A0067 /* ReadingSettingsView.swift in Sources */,
				2B00000000000000000A0068 /* PlaybackControlsSettingsView.swift in Sources */,
				2B00000000000000000A0069 /* LearningSettingsView.swift in Sources */,
				2B00000000000000000A0063 /* ModelsSettingsView.swift in Sources */,
				2B00000000000000000A0071 /* ModelEntry.swift in Sources */,
				2B00000000000000000A0072 /* ModelCatalog.swift in Sources */,
				2B00000000000000000A0073 /* ModelStorage.swift in Sources */,
				2B00000000000000000A0074 /* ModelDownloader.swift in Sources */,
				2B00000000000000000A0075 /* ModelManager.swift in Sources */,
				2B00000000000000000A00E1 /* ReaderHitTester.swift in Sources */,
				2B00000000000000000A00E2 /* ClickableReaderTextView.swift in Sources */,
				2B00000000000000000A00E3 /* SearchBar.swift in Sources */,
				2B00000000000000000A00E4 /* FontSizeControl.swift in Sources */,
				2B00000000000000000A0036 /* SkipRule.swift in Sources */,
				2B00000000000000000A0064 /* SkipRulesSettingsView.swift in Sources */,
				2B00000000000000000A00B3 /* AudioExportFormat.swift in Sources */,
				2B00000000000000000A00B4 /* ExportQueueView.swift in Sources */,
				2B00000000000000000A00B5 /* ExportOverrides.swift in Sources */,
				2B00000000000000000A00B6 /* ExportEstimator.swift in Sources */,
				2B00000000000000000A00B7 /* ExportSentenceLoader.swift in Sources */,
				2B00000000000000000A00B8 /* ExportOptionsSheet.swift in Sources */,
				2B00000000000000000A00F2 /* ScratchpadView.swift in Sources */,
				2B00000000000000000A0D00 /* OnboardingState.swift in Sources */,
				2B00000000000000000A0D01 /* OnboardingView.swift in Sources */,
				2B00000000000000000A0D02 /* OnboardingSampleLoader.swift in Sources */,
				2B00000000000000000A00D1 /* DOCXLoader.swift in Sources */,
				2B00000000000000000A00D2 /* DOCXReaderView.swift in Sources */,
				2B00000000000000000A00D3 /* TextReaderView.swift in Sources */,
			);
			runOnlyForDeploymentPostprocessing = 0;
		};
		3A00000000000000000B0001 /* Sources */ = {
			isa = PBXSourcesBuildPhase;
			buildActionMask = 2147483647;
			files = (
				2B00000000000000000B0001 /* DropTargetTests.swift in Sources */,
				2B00000000000000000B0002 /* PDFDocumentLoaderTests.swift in Sources */,
				2B00000000000000000B0003 /* PDFTextExtractorTests.swift in Sources */,
				2B00000000000000000B0004 /* SentenceSegmenterTests.swift in Sources */,
				2B00000000000000000B0025 /* LineReflowTests.swift in Sources */,
				2B00000000000000000B0005 /* MarkdownRendererTests.swift in Sources */,
				2B00000000000000000B0006 /* ModelStorageTests.swift in Sources */,
				2B00000000000000000B0007 /* ModelCatalogReachabilityTests.swift in Sources */,
				2B00000000000000000B0008 /* LibraryTests.swift in Sources */,
				2B00000000000000000B0009 /* PronunciationDictionaryTests.swift in Sources */,
				2B00000000000000000B000A /* ResearchCleanupTests.swift in Sources */,
				2B00000000000000000B000B /* ReadingStatsTests.swift in Sources */,
				2B00000000000000000B000C /* SpeechPlayerProgressTests.swift in Sources */,
				2B00000000000000000B000D /* LibrarySidebarFormatterTests.swift in Sources */,
				2B00000000000000000B000E /* ReaderHitTesterTests.swift in Sources */,
				2B00000000000000000B000F /* SkipRuleTests.swift in Sources */,
				2B00000000000000000B0010 /* KokoroChunkerTests.swift in Sources */,
				2B00000000000000000B0011 /* SelectionReaderTests.swift in Sources */,
				2B00000000000000000B0012 /* HighlightStyleTests.swift in Sources */,
				2B00000000000000000B0014 /* NowPlayingMappingTests.swift in Sources */,
				2B00000000000000000B0015 /* SleepTimerTests.swift in Sources */,
				2B00000000000000000B0013 /* ReaderTypographyTests.swift in Sources */,
				2B00000000000000000B001C /* BionicReadingTests.swift in Sources */,
				2B00000000000000000B0016 /* ReadingQueueTests.swift in Sources */,
				2B00000000000000000B0017 /* SentenceLanguageTests.swift in Sources */,
				2B00000000000000000B001B /* ReadingOrderTests.swift in Sources */,
				2B00000000000000000B0023 /* OCRServiceTests.swift in Sources */,
				2B00000000000000000B0018 /* AnkiCSVExporterTests.swift in Sources */,
				2B00000000000000000B001A /* VocabularyStoreTests.swift in Sources */,
				2B00000000000000000B0022 /* ReaderSettingsTests.swift in Sources */,
				2B00000000000000000B0021 /* ReadingThemeTests.swift in Sources */,
				2B00000000000000000B0020 /* LearningSettingsTests.swift in Sources */,
				2B00000000000000000B0019 /* WordRangeResolverTests.swift in Sources */,
			);
			runOnlyForDeploymentPostprocessing = 0;
		};
/* End PBXSourcesBuildPhase section */

/* Begin PBXTargetDependency section */
		6A00000000000000000A0001 /* PBXTargetDependency */ = {
			isa = PBXTargetDependency;
			target = 4A00000000000000000A0001 /* ReadAloudTTS */;
			targetProxy = 6B00000000000000000A0001 /* PBXContainerItemProxy */;
		};
/* End PBXTargetDependency section */

/* Begin XCBuildConfiguration section */
		5B00000000000000000A0001 /* Debug */ = {
			isa = XCBuildConfiguration;
			baseConfigurationReference = 2A00000000000000000C0001 /* ReadAloudTTS.xcconfig */;
			buildSettings = {
				ALWAYS_SEARCH_USER_PATHS = NO;
				ASSETCATALOG_COMPILER_GENERATE_SWIFT_ASSET_SYMBOL_EXTENSIONS = YES;
				CLANG_ANALYZER_NONNULL = YES;
				CLANG_ANALYZER_NUMBER_OBJECT_CONVERSION = YES_AGGRESSIVE;
				CLANG_CXX_LANGUAGE_STANDARD = "gnu++20";
				CLANG_ENABLE_MODULES = YES;
				CLANG_ENABLE_OBJC_ARC = YES;
				CLANG_ENABLE_OBJC_WEAK = YES;
				CLANG_WARN_BLOCK_CAPTURE_AUTORELEASING = YES;
				CLANG_WARN_BOOL_CONVERSION = YES;
				CLANG_WARN_COMMA = YES;
				CLANG_WARN_CONSTANT_CONVERSION = YES;
				CLANG_WARN_DEPRECATED_OBJC_IMPLEMENTATIONS = YES;
				CLANG_WARN_DIRECT_OBJC_ISA_USAGE = YES_ERROR;
				CLANG_WARN_DOCUMENTATION_COMMENTS = YES;
				CLANG_WARN_EMPTY_BODY = YES;
				CLANG_WARN_ENUM_CONVERSION = YES;
				CLANG_WARN_INFINITE_RECURSION = YES;
				CLANG_WARN_INT_CONVERSION = YES;
				CLANG_WARN_NON_LITERAL_NULL_CONVERSION = YES;
				CLANG_WARN_OBJC_IMPLICIT_RETAIN_SELF = YES;
				CLANG_WARN_OBJC_LITERAL_CONVERSION = YES;
				CLANG_WARN_OBJC_ROOT_CLASS = YES_ERROR;
				CLANG_WARN_QUOTED_INCLUDE_IN_FRAMEWORK_HEADER = YES;
				CLANG_WARN_RANGE_LOOP_ANALYSIS = YES;
				CLANG_WARN_STRICT_PROTOTYPES = YES;
				CLANG_WARN_SUSPICIOUS_MOVE = YES;
				CLANG_WARN_UNGUARDED_AVAILABILITY = YES_AGGRESSIVE;
				CLANG_WARN_UNREACHABLE_CODE = YES;
				CLANG_WARN__DUPLICATE_METHOD_MATCH = YES;
				COPY_PHASE_STRIP = NO;
				DEAD_CODE_STRIPPING = YES;
				DEBUG_INFORMATION_FORMAT = dwarf;
				ENABLE_STRICT_OBJC_MSGSEND = YES;
				ENABLE_TESTABILITY = YES;
				ENABLE_USER_SCRIPT_SANDBOXING = YES;
				GCC_C_LANGUAGE_STANDARD = gnu17;
				GCC_DYNAMIC_NO_PIC = NO;
				GCC_NO_COMMON_BLOCKS = YES;
				GCC_OPTIMIZATION_LEVEL = 0;
				GCC_PREPROCESSOR_DEFINITIONS = (
					"DEBUG=1",
					"$(inherited)",
				);
				GCC_WARN_64_TO_32_BIT_CONVERSION = YES;
				GCC_WARN_ABOUT_RETURN_TYPE = YES_ERROR;
				GCC_WARN_UNDECLARED_SELECTOR = YES;
				GCC_WARN_UNINITIALIZED_AUTOS = YES_AGGRESSIVE;
				GCC_WARN_UNUSED_FUNCTION = YES;
				GCC_WARN_UNUSED_VARIABLE = YES;
				LOCALIZATION_PREFERS_STRING_CATALOGS = YES;
				MTL_ENABLE_DEBUG_INFO = INCLUDE_SOURCE;
				MTL_FAST_MATH = YES;
				ONLY_ACTIVE_ARCH = YES;
				SWIFT_ACTIVE_COMPILATION_CONDITIONS = "DEBUG $(inherited)";
				SWIFT_OPTIMIZATION_LEVEL = "-Onone";
			};
			name = Debug;
		};
		5B00000000000000000A0002 /* Release */ = {
			isa = XCBuildConfiguration;
			baseConfigurationReference = 2A00000000000000000C0001 /* ReadAloudTTS.xcconfig */;
			buildSettings = {
				ALWAYS_SEARCH_USER_PATHS = NO;
				ASSETCATALOG_COMPILER_GENERATE_SWIFT_ASSET_SYMBOL_EXTENSIONS = YES;
				CLANG_ANALYZER_NONNULL = YES;
				CLANG_ANALYZER_NUMBER_OBJECT_CONVERSION = YES_AGGRESSIVE;
				CLANG_CXX_LANGUAGE_STANDARD = "gnu++20";
				CLANG_ENABLE_MODULES = YES;
				CLANG_ENABLE_OBJC_ARC = YES;
				CLANG_ENABLE_OBJC_WEAK = YES;
				CLANG_WARN_BLOCK_CAPTURE_AUTORELEASING = YES;
				CLANG_WARN_BOOL_CONVERSION = YES;
				CLANG_WARN_COMMA = YES;
				CLANG_WARN_CONSTANT_CONVERSION = YES;
				CLANG_WARN_DEPRECATED_OBJC_IMPLEMENTATIONS = YES;
				CLANG_WARN_DIRECT_OBJC_ISA_USAGE = YES_ERROR;
				CLANG_WARN_DOCUMENTATION_COMMENTS = YES;
				CLANG_WARN_EMPTY_BODY = YES;
				CLANG_WARN_ENUM_CONVERSION = YES;
				CLANG_WARN_INFINITE_RECURSION = YES;
				CLANG_WARN_INT_CONVERSION = YES;
				CLANG_WARN_NON_LITERAL_NULL_CONVERSION = YES;
				CLANG_WARN_OBJC_IMPLICIT_RETAIN_SELF = YES;
				CLANG_WARN_OBJC_LITERAL_CONVERSION = YES;
				CLANG_WARN_OBJC_ROOT_CLASS = YES_ERROR;
				CLANG_WARN_QUOTED_INCLUDE_IN_FRAMEWORK_HEADER = YES;
				CLANG_WARN_RANGE_LOOP_ANALYSIS = YES;
				CLANG_WARN_STRICT_PROTOTYPES = YES;
				CLANG_WARN_SUSPICIOUS_MOVE = YES;
				CLANG_WARN_UNGUARDED_AVAILABILITY = YES_AGGRESSIVE;
				CLANG_WARN_UNREACHABLE_CODE = YES;
				CLANG_WARN__DUPLICATE_METHOD_MATCH = YES;
				COPY_PHASE_STRIP = NO;
				DEAD_CODE_STRIPPING = YES;
				DEBUG_INFORMATION_FORMAT = "dwarf-with-dsym";
				ENABLE_NS_ASSERTIONS = NO;
				ENABLE_STRICT_OBJC_MSGSEND = YES;
				ENABLE_USER_SCRIPT_SANDBOXING = YES;
				GCC_C_LANGUAGE_STANDARD = gnu17;
				GCC_NO_COMMON_BLOCKS = YES;
				GCC_WARN_64_TO_32_BIT_CONVERSION = YES;
				GCC_WARN_ABOUT_RETURN_TYPE = YES_ERROR;
				GCC_WARN_UNDECLARED_SELECTOR = YES;
				GCC_WARN_UNINITIALIZED_AUTOS = YES_AGGRESSIVE;
				GCC_WARN_UNUSED_FUNCTION = YES;
				GCC_WARN_UNUSED_VARIABLE = YES;
				LOCALIZATION_PREFERS_STRING_CATALOGS = YES;
				MTL_ENABLE_DEBUG_INFO = NO;
				MTL_FAST_MATH = YES;
				SWIFT_COMPILATION_MODE = wholemodule;
			};
			name = Release;
		};
		5B00000000000000000A0003 /* Debug */ = {
			isa = XCBuildConfiguration;
			baseConfigurationReference = 2A00000000000000000C0001 /* ReadAloudTTS.xcconfig */;
			buildSettings = {
				CODE_SIGN_ENTITLEMENTS = "";
				CODE_SIGN_STYLE = Automatic;
				COMBINE_HIDPI_IMAGES = YES;
				CURRENT_PROJECT_VERSION = "$(CURRENT_PROJECT_VERSION)";
				ENABLE_HARDENED_RUNTIME = NO;
				ENABLE_PREVIEWS = YES;
				GENERATE_INFOPLIST_FILE = YES;
				INFOPLIST_FILE = App/Info.plist;
				INFOPLIST_KEY_CFBundleDisplayName = ReadAloudTTS;
				INFOPLIST_KEY_LSApplicationCategoryType = "public.app-category.productivity";
				INFOPLIST_KEY_NSHumanReadableCopyright = "Copyright © 2026 The ReadAloudTTS Authors";
				INFOPLIST_KEY_NSPrincipalClass = NSApplication;
				INFOPLIST_KEY_NSDocumentsFolderUsageDescription = "ReadAloudTTS needs access to your Documents folder to open PDFs and Markdown files you've added to the library.";
				INFOPLIST_KEY_NSDownloadsFolderUsageDescription = "ReadAloudTTS needs access to your Downloads folder to open PDFs and Markdown files you've downloaded.";
				INFOPLIST_KEY_NSDesktopFolderUsageDescription = "ReadAloudTTS needs access to your Desktop to open PDFs and Markdown files stored there.";
				LD_RUNPATH_SEARCH_PATHS = (
					"$(inherited)",
					"@executable_path/../Frameworks",
				);
				MARKETING_VERSION = "$(MARKETING_VERSION)";
				PRODUCT_BUNDLE_IDENTIFIER = "$(PRODUCT_BUNDLE_IDENTIFIER)";
				PRODUCT_NAME = ReadAloudTTS;
				SWIFT_EMIT_LOC_STRINGS = YES;
			};
			name = Debug;
		};
		5B00000000000000000A0004 /* Release */ = {
			isa = XCBuildConfiguration;
			baseConfigurationReference = 2A00000000000000000C0001 /* ReadAloudTTS.xcconfig */;
			buildSettings = {
				CODE_SIGN_ENTITLEMENTS = App/ReadAloudTTS.entitlements;
				CODE_SIGN_STYLE = Automatic;
				COMBINE_HIDPI_IMAGES = YES;
				CURRENT_PROJECT_VERSION = "$(CURRENT_PROJECT_VERSION)";
				ENABLE_HARDENED_RUNTIME = YES;
				ENABLE_PREVIEWS = YES;
				GENERATE_INFOPLIST_FILE = YES;
				INFOPLIST_FILE = App/Info.plist;
				INFOPLIST_KEY_CFBundleDisplayName = ReadAloudTTS;
				INFOPLIST_KEY_LSApplicationCategoryType = "public.app-category.productivity";
				INFOPLIST_KEY_NSHumanReadableCopyright = "Copyright © 2026 The ReadAloudTTS Authors";
				INFOPLIST_KEY_NSPrincipalClass = NSApplication;
				INFOPLIST_KEY_NSDocumentsFolderUsageDescription = "ReadAloudTTS needs access to your Documents folder to open PDFs and Markdown files you've added to the library.";
				INFOPLIST_KEY_NSDownloadsFolderUsageDescription = "ReadAloudTTS needs access to your Downloads folder to open PDFs and Markdown files you've downloaded.";
				INFOPLIST_KEY_NSDesktopFolderUsageDescription = "ReadAloudTTS needs access to your Desktop to open PDFs and Markdown files stored there.";
				LD_RUNPATH_SEARCH_PATHS = (
					"$(inherited)",
					"@executable_path/../Frameworks",
				);
				MARKETING_VERSION = "$(MARKETING_VERSION)";
				PRODUCT_BUNDLE_IDENTIFIER = "$(PRODUCT_BUNDLE_IDENTIFIER)";
				PRODUCT_NAME = ReadAloudTTS;
				SWIFT_EMIT_LOC_STRINGS = YES;
			};
			name = Release;
		};
		5B00000000000000000B0003 /* Debug */ = {
			isa = XCBuildConfiguration;
			baseConfigurationReference = 2A00000000000000000C0001 /* ReadAloudTTS.xcconfig */;
			buildSettings = {
				BUNDLE_LOADER = "$(TEST_HOST)";
				CODE_SIGN_STYLE = Automatic;
				CURRENT_PROJECT_VERSION = "$(CURRENT_PROJECT_VERSION)";
				GENERATE_INFOPLIST_FILE = YES;
				MARKETING_VERSION = "$(MARKETING_VERSION)";
				PRODUCT_BUNDLE_IDENTIFIER = "app.readaloudtts.mac.tests";
				PRODUCT_NAME = "$(TARGET_NAME)";
				SWIFT_EMIT_LOC_STRINGS = NO;
				TEST_HOST = "$(BUILT_PRODUCTS_DIR)/ReadAloudTTS.app/Contents/MacOS/ReadAloudTTS";
			};
			name = Debug;
		};
		5B00000000000000000B0004 /* Release */ = {
			isa = XCBuildConfiguration;
			baseConfigurationReference = 2A00000000000000000C0001 /* ReadAloudTTS.xcconfig */;
			buildSettings = {
				BUNDLE_LOADER = "$(TEST_HOST)";
				CODE_SIGN_STYLE = Automatic;
				CURRENT_PROJECT_VERSION = "$(CURRENT_PROJECT_VERSION)";
				GENERATE_INFOPLIST_FILE = YES;
				MARKETING_VERSION = "$(MARKETING_VERSION)";
				PRODUCT_BUNDLE_IDENTIFIER = "app.readaloudtts.mac.tests";
				PRODUCT_NAME = "$(TARGET_NAME)";
				SWIFT_EMIT_LOC_STRINGS = NO;
				TEST_HOST = "$(BUILT_PRODUCTS_DIR)/ReadAloudTTS.app/Contents/MacOS/ReadAloudTTS";
			};
			name = Release;
		};
/* End XCBuildConfiguration section */

/* Begin XCConfigurationList section */
		5A00000000000000000A0001 /* Build configuration list for PBXProject "ReadAloudTTS" */ = {
			isa = XCConfigurationList;
			buildConfigurations = (
				5B00000000000000000A0001 /* Debug */,
				5B00000000000000000A0002 /* Release */,
			);
			defaultConfigurationIsVisible = 0;
			defaultConfigurationName = Release;
		};
		5A00000000000000000A0002 /* Build configuration list for PBXNativeTarget "ReadAloudTTS" */ = {
			isa = XCConfigurationList;
			buildConfigurations = (
				5B00000000000000000A0003 /* Debug */,
				5B00000000000000000A0004 /* Release */,
			);
			defaultConfigurationIsVisible = 0;
			defaultConfigurationName = Release;
		};
		5A00000000000000000A0003 /* Build configuration list for PBXNativeTarget "ReadAloudTTSTests" */ = {
			isa = XCConfigurationList;
			buildConfigurations = (
				5B00000000000000000B0003 /* Debug */,
				5B00000000000000000B0004 /* Release */,
			);
			defaultConfigurationIsVisible = 0;
			defaultConfigurationName = Release;
		};
/* End XCConfigurationList section */
	};
	rootObject = 1A00000000000000000A0001 /* Project object */;
}
